Microsoft Visual Studio Solution File, Format Version 12.00
# Visual Studio 16
Project("{2150E333-8FDC-42A3-9474-1A3956D46DE8}") = "CMakePredefinedTargets", "CMakePredefinedTargets", "{7E981D91-1550-393E-A055-C716C287689C}"
EndProject
Project("{2150E333-8FDC-42A3-9474-1A3956D46DE8}") = "GLFW3", "GLFW3", "{6E74B29C-23D6-35CF-96C2-869CE3950467}"
EndProject
Project("{2150E333-8FDC-42A3-9474-1A3956D46DE8}") = "Examples", "GLFW3\Examples", "{279F865D-6602-365C-8FD6-23D6DBF826A2}"
EndProject
Project("{2150E333-8FDC-42A3-9474-1A3956D46DE8}") = "Tests", "GLFW3\Tests", "{ADC7FFA2-BF58-3571-9752-CB2F011C9735}"
EndProject
Project("{8BC9CEB8-8B4A-11D0-8D11-00A0C91BC942}") = "ALL_BUILD", "ALL_BUILD.vcxproj", "{E778A625-49A5-39DB-9DE9-C534BB68C1D8}"
	ProjectSection(ProjectDependencies) = postProject
		{2D295587-D37A-33F6-BC59-9574E5F3663E} = {2D295587-D37A-33F6-BC59-9574E5F3663E}
		{38E5F6B3-80D7-34E6-BACB-FC3ADAE3133E} = {38E5F6B3-80D7-34E6-BACB-FC3ADAE3133E}
		{42BF9288-4594-3A6D-966C-A84C3A6A71AF} = {42BF9288-4594-3A6D-966C-A84C3A6A71AF}
		{2E316ADC-E5C1-3E84-B2C8-5005DE0683EB} = {2E316ADC-E5C1-3E84-B2C8-5005DE0683EB}
		{1796B047-FF60-37E4-BAE9-51BC23D540C5} = {1796B047-FF60-37E4-BAE9-51BC23D540C5}
		{9A1C0585-28AB-3969-B7B8-DA5F1C64FEBB} = {9A1C0585-28AB-3969-B7B8-DA5F1C64FEBB}
		{EAFF6CF2-9E49-332D-832B-2E583B91D7CB} = {EAFF6CF2-9E49-332D-832B-2E583B91D7CB}
		{E92C9D0F-B646-38F2-81C2-618C896E2BD8} = {E92C9D0F-B646-38F2-81C2-618C896E2BD8}
		{640A54F5-41C9-3996-91D1-6051B774D2C7} = {640A54F5-41C9-3996-91D1-6051B774D2C7}
		{DEDDC075-3C6A-306F-B9F6-1CA4A46D788A} = {DEDDC075-3C6A-306F-B9F6-1CA4A46D788A}
		{C03A2BD4-6A45-3165-ADBA-B5F6F8F72499} = {C03A2BD4-6A45-3165-ADBA-B5F6F8F72499}
		{D6C074E2-43D5-3C84-B527-41FF26CAB0EC} = {D6C074E2-43D5-3C84-B527-41FF26CAB0EC}
		{B713C3A6-BBC5-387A-8E1A-D12BDC4B4C61} = {B713C3A6-BBC5-387A-8E1A-D12BDC4B4C61}
		{ABA59346-36A8-3DB4-B809-ABF5DF17E2E2} = {ABA59346-36A8-3DB4-B809-ABF5DF17E2E2}
		{251225D8-5730-3097-8A1A-5C378B2D5431} = {251225D8-5730-3097-8A1A-5C378B2D5431}
		{C97BD40D-9CC9-34FA-9225-4748F1454AAE} = {C97BD40D-9CC9-34FA-9225-4748F1454AAE}
		{BA8D1636-5C72-328B-A02F-A3196922D8A5} = {BA8D1636-5C72-328B-A02F-A3196922D8A5}
		{AA55AE3C-021D-333A-9CB5-6AA9DD6A38C6} = {AA55AE3C-021D-333A-9CB5-6AA9DD6A38C6}
		{D103D1E7-1758-331D-AF46-F93E697F772E} = {D103D1E7-1758-331D-AF46-F93E697F772E}
		{1534A4F3-EA8A-3BE2-B409-44163559C851} = {1534A4F3-EA8A-3BE2-B409-44163559C851}
		{08C71A3C-AC48-3DCB-A21C-70D8587A5F06} = {08C71A3C-AC48-3DCB-A21C-70D8587A5F06}
		{99EEE91F-532F-38A3-B818-F719BE76B042} = {99EEE91F-532F-38A3-B818-F719BE76B042}
		{FFC9AEE6-ABE9-3350-8F1A-9F567B994ACA} = {FFC9AEE6-ABE9-3350-8F1A-9F567B994ACA}
		{2AC44947-EA1D-3245-8609-61FCC931EDA0} = {2AC44947-EA1D-3245-8609-61FCC931EDA0}
		{585218CE-A83A-3F4D-9699-218F1C4209F8} = {585218CE-A83A-3F4D-9699-218F1C4209F8}
		{AABDB0D0-B923-3910-AE18-7085115F5FB8} = {AABDB0D0-B923-3910-AE18-7085115F5FB8}
		{12C31501-B8DE-3B60-ABBD-F7F92EC68533} = {12C31501-B8DE-3B60-ABBD-F7F92EC68533}
		{0B6345A0-D6B8-3089-8CDF-D35FDB9A81B2} = {0B6345A0-D6B8-3089-8CDF-D35FDB9A81B2}
		{5DB0F703-C323-3B29-88C2-21E058DA2F99} = {5DB0F703-C323-3B29-88C2-21E058DA2F99}
		{F6C73016-832A-3058-BDB3-31F4CE5270F2} = {F6C73016-832A-3058-BDB3-31F4CE5270F2}
		{0443D1F1-C20E-309D-BAFF-F6279CC93284} = {0443D1F1-C20E-309D-BAFF-F6279CC93284}
	EndProjectSection
EndProject
Project("{8BC9CEB8-8B4A-11D0-8D11-00A0C91BC942}") = "INSTALL", "INSTALL.vcxproj", "{28153238-2862-316F-A430-BF81CC713FAC}"
	ProjectSection(ProjectDependencies) = postProject
		{E778A625-49A5-39DB-9DE9-C534BB68C1D8} = {E778A625-49A5-39DB-9DE9-C534BB68C1D8}
		{2D295587-D37A-33F6-BC59-9574E5F3663E} = {2D295587-D37A-33F6-BC59-9574E5F3663E}
	EndProjectSection
EndProject
Project("{8BC9CEB8-8B4A-11D0-8D11-00A0C91BC942}") = "ZERO_CHECK", "ZERO_CHECK.vcxproj", "{2D295587-D37A-33F6-BC59-9574E5F3663E}"
	ProjectSection(ProjectDependencies) = postProject
	EndProjectSection
EndProject
Project("{8BC9CEB8-8B4A-11D0-8D11-00A0C91BC942}") = "boing", "examples\boing.vcxproj", "{38E5F6B3-80D7-34E6-BACB-FC3ADAE3133E}"
	ProjectSection(ProjectDependencies) = postProject
		{2D295587-D37A-33F6-BC59-9574E5F3663E} = {2D295587-D37A-33F6-BC59-9574E5F3663E}
		{640A54F5-41C9-3996-91D1-6051B774D2C7} = {640A54F5-41C9-3996-91D1-6051B774D2C7}
	EndProjectSection
EndProject
Project("{8BC9CEB8-8B4A-11D0-8D11-00A0C91BC942}") = "clipboard", "tests\clipboard.vcxproj", "{42BF9288-4594-3A6D-966C-A84C3A6A71AF}"
	ProjectSection(ProjectDependencies) = postProject
		{2D295587-D37A-33F6-BC59-9574E5F3663E} = {2D295587-D37A-33F6-BC59-9574E5F3663E}
		{640A54F5-41C9-3996-91D1-6051B774D2C7} = {640A54F5-41C9-3996-91D1-6051B774D2C7}
	EndProjectSection
EndProject
Project("{8BC9CEB8-8B4A-11D0-8D11-00A0C91BC942}") = "cursor", "tests\cursor.vcxproj", "{2E316ADC-E5C1-3E84-B2C8-5005DE0683EB}"
	ProjectSection(ProjectDependencies) = postProject
		{2D295587-D37A-33F6-BC59-9574E5F3663E} = {2D295587-D37A-33F6-BC59-9574E5F3663E}
		{640A54F5-41C9-3996-91D1-6051B774D2C7} = {640A54F5-41C9-3996-91D1-6051B774D2C7}
	EndProjectSection
EndProject
Project("{8BC9CEB8-8B4A-11D0-8D11-00A0C91BC942}") = "empty", "tests\empty.vcxproj", "{1796B047-FF60-37E4-BAE9-51BC23D540C5}"
	ProjectSection(ProjectDependencies) = postProject
		{2D295587-D37A-33F6-BC59-9574E5F3663E} = {2D295587-D37A-33F6-BC59-9574E5F3663E}
		{640A54F5-41C9-3996-91D1-6051B774D2C7} = {640A54F5-41C9-3996-91D1-6051B774D2C7}
	EndProjectSection
EndProject
Project("{8BC9CEB8-8B4A-11D0-8D11-00A0C91BC942}") = "events", "tests\events.vcxproj", "{9A1C0585-28AB-3969-B7B8-DA5F1C64FEBB}"
	ProjectSection(ProjectDependencies) = postProject
		{2D295587-D37A-33F6-BC59-9574E5F3663E} = {2D295587-D37A-33F6-BC59-9574E5F3663E}
		{640A54F5-41C9-3996-91D1-6051B774D2C7} = {640A54F5-41C9-3996-91D1-6051B774D2C7}
	EndProjectSection
EndProject
Project("{8BC9CEB8-8B4A-11D0-8D11-00A0C91BC942}") = "gamma", "tests\gamma.vcxproj", "{EAFF6CF2-9E49-332D-832B-2E583B91D7CB}"
	ProjectSection(ProjectDependencies) = postProject
		{2D295587-D37A-33F6-BC59-9574E5F3663E} = {2D295587-D37A-33F6-BC59-9574E5F3663E}
		{640A54F5-41C9-3996-91D1-6051B774D2C7} = {640A54F5-41C9-3996-91D1-6051B774D2C7}
	EndProjectSection
EndProject
Project("{8BC9CEB8-8B4A-11D0-8D11-00A0C91BC942}") = "gears", "examples\gears.vcxproj", "{E92C9D0F-B646-38F2-81C2-618C896E2BD8}"
	ProjectSection(ProjectDependencies) = postProject
		{2D295587-D37A-33F6-BC59-9574E5F3663E} = {2D295587-D37A-33F6-BC59-9574E5F3663E}
		{640A54F5-41C9-3996-91D1-6051B774D2C7} = {640A54F5-41C9-3996-91D1-6051B774D2C7}
	EndProjectSection
EndProject
Project("{8BC9CEB8-8B4A-11D0-8D11-00A0C91BC942}") = "glfw", "src\glfw.vcxproj", "{640A54F5-41C9-3996-91D1-6051B774D2C7}"
	ProjectSection(ProjectDependencies) = postProject
		{2D295587-D37A-33F6-BC59-9574E5F3663E} = {2D295587-D37A-33F6-BC59-9574E5F3663E}
	EndProjectSection
EndProject
Project("{8BC9CEB8-8B4A-11D0-8D11-00A0C91BC942}") = "glfwinfo", "tests\glfwinfo.vcxproj", "{DEDDC075-3C6A-306F-B9F6-1CA4A46D788A}"
	ProjectSection(ProjectDependencies) = postProject
		{2D295587-D37A-33F6-BC59-9574E5F3663E} = {2D295587-D37A-33F6-BC59-9574E5F3663E}
		{640A54F5-41C9-3996-91D1-6051B774D2C7} = {640A54F5-41C9-3996-91D1-6051B774D2C7}
	EndProjectSection
EndProject
Project("{8BC9CEB8-8B4A-11D0-8D11-00A0C91BC942}") = "heightmap", "examples\heightmap.vcxproj", "{C03A2BD4-6A45-3165-ADBA-B5F6F8F72499}"
	ProjectSection(ProjectDependencies) = postProject
		{2D295587-D37A-33F6-BC59-9574E5F3663E} = {2D295587-D37A-33F6-BC59-9574E5F3663E}
		{640A54F5-41C9-3996-91D1-6051B774D2C7} = {640A54F5-41C9-3996-91D1-6051B774D2C7}
	EndProjectSection
EndProject
Project("{8BC9CEB8-8B4A-11D0-8D11-00A0C91BC942}") = "icon", "tests\icon.vcxproj", "{D6C074E2-43D5-3C84-B527-41FF26CAB0EC}"
	ProjectSection(ProjectDependencies) = postProject
		{2D295587-D37A-33F6-BC59-9574E5F3663E} = {2D295587-D37A-33F6-BC59-9574E5F3663E}
		{640A54F5-41C9-3996-91D1-6051B774D2C7} = {640A54F5-41C9-3996-91D1-6051B774D2C7}
	EndProjectSection
EndProject
Project("{8BC9CEB8-8B4A-11D0-8D11-00A0C91BC942}") = "iconify", "tests\iconify.vcxproj", "{B713C3A6-BBC5-387A-8E1A-D12BDC4B4C61}"
	ProjectSection(ProjectDependencies) = postProject
		{2D295587-D37A-33F6-BC59-9574E5F3663E} = {2D295587-D37A-33F6-BC59-9574E5F3663E}
		{640A54F5-41C9-3996-91D1-6051B774D2C7} = {640A54F5-41C9-3996-91D1-6051B774D2C7}
	EndProjectSection
EndProject
Project("{8BC9CEB8-8B4A-11D0-8D11-00A0C91BC942}") = "inputlag", "tests\inputlag.vcxproj", "{ABA59346-36A8-3DB4-B809-ABF5DF17E2E2}"
	ProjectSection(ProjectDependencies) = postProject
		{2D295587-D37A-33F6-BC59-9574E5F3663E} = {2D295587-D37A-33F6-BC59-9574E5F3663E}
		{640A54F5-41C9-3996-91D1-6051B774D2C7} = {640A54F5-41C9-3996-91D1-6051B774D2C7}
	EndProjectSection
EndProject
Project("{8BC9CEB8-8B4A-11D0-8D11-00A0C91BC942}") = "joysticks", "tests\joysticks.vcxproj", "{251225D8-5730-3097-8A1A-5C378B2D5431}"
	ProjectSection(ProjectDependencies) = postProject
		{2D295587-D37A-33F6-BC59-9574E5F3663E} = {2D295587-D37A-33F6-BC59-9574E5F3663E}
		{640A54F5-41C9-3996-91D1-6051B774D2C7} = {640A54F5-41C9-3996-91D1-6051B774D2C7}
	EndProjectSection
EndProject
Project("{8BC9CEB8-8B4A-11D0-8D11-00A0C91BC942}") = "monitors", "tests\monitors.vcxproj", "{C97BD40D-9CC9-34FA-9225-4748F1454AAE}"
	ProjectSection(ProjectDependencies) = postProject
		{2D295587-D37A-33F6-BC59-9574E5F3663E} = {2D295587-D37A-33F6-BC59-9574E5F3663E}
		{640A54F5-41C9-3996-91D1-6051B774D2C7} = {640A54F5-41C9-3996-91D1-6051B774D2C7}
	EndProjectSection
EndProject
Project("{8BC9CEB8-8B4A-11D0-8D11-00A0C91BC942}") = "msaa", "tests\msaa.vcxproj", "{BA8D1636-5C72-328B-A02F-A3196922D8A5}"
	ProjectSection(ProjectDependencies) = postProject
		{2D295587-D37A-33F6-BC59-9574E5F3663E} = {2D295587-D37A-33F6-BC59-9574E5F3663E}
		{640A54F5-41C9-3996-91D1-6051B774D2C7} = {640A54F5-41C9-3996-91D1-6051B774D2C7}
	EndProjectSection
EndProject
Project("{8BC9CEB8-8B4A-11D0-8D11-00A0C91BC942}") = "offscreen", "examples\offscreen.vcxproj", "{AA55AE3C-021D-333A-9CB5-6AA9DD6A38C6}"
	ProjectSection(ProjectDependencies) = postProject
		{2D295587-D37A-33F6-BC59-9574E5F3663E} = {2D295587-D37A-33F6-BC59-9574E5F3663E}
		{640A54F5-41C9-3996-91D1-6051B774D2C7} = {640A54F5-41C9-3996-91D1-6051B774D2C7}
	EndProjectSection
EndProject
Project("{8BC9CEB8-8B4A-11D0-8D11-00A0C91BC942}") = "opacity", "tests\opacity.vcxproj", "{D103D1E7-1758-331D-AF46-F93E697F772E}"
	ProjectSection(ProjectDependencies) = postProject
		{2D295587-D37A-33F6-BC59-9574E5F3663E} = {2D295587-D37A-33F6-BC59-9574E5F3663E}
		{640A54F5-41C9-3996-91D1-6051B774D2C7} = {640A54F5-41C9-3996-91D1-6051B774D2C7}
	EndProjectSection
EndProject
Project("{8BC9CEB8-8B4A-11D0-8D11-00A0C91BC942}") = "particles", "examples\particles.vcxproj", "{1534A4F3-EA8A-3BE2-B409-44163559C851}"
	ProjectSection(ProjectDependencies) = postProject
		{2D295587-D37A-33F6-BC59-9574E5F3663E} = {2D295587-D37A-33F6-BC59-9574E5F3663E}
		{640A54F5-41C9-3996-91D1-6051B774D2C7} = {640A54F5-41C9-3996-91D1-6051B774D2C7}
	EndProjectSection
EndProject
Project("{8BC9CEB8-8B4A-11D0-8D11-00A0C91BC942}") = "reopen", "tests\reopen.vcxproj", "{08C71A3C-AC48-3DCB-A21C-70D8587A5F06}"
	ProjectSection(ProjectDependencies) = postProject
		{2D295587-D37A-33F6-BC59-9574E5F3663E} = {2D295587-D37A-33F6-BC59-9574E5F3663E}
		{640A54F5-41C9-3996-91D1-6051B774D2C7} = {640A54F5-41C9-3996-91D1-6051B774D2C7}
	EndProjectSection
EndProject
Project("{8BC9CEB8-8B4A-11D0-8D11-00A0C91BC942}") = "sharing", "examples\sharing.vcxproj", "{99EEE91F-532F-38A3-B818-F719BE76B042}"
	ProjectSection(ProjectDependencies) = postProject
		{2D295587-D37A-33F6-BC59-9574E5F3663E} = {2D295587-D37A-33F6-BC59-9574E5F3663E}
		{640A54F5-41C9-3996-91D1-6051B774D2C7} = {640A54F5-41C9-3996-91D1-6051B774D2C7}
	EndProjectSection
EndProject
Project("{8BC9CEB8-8B4A-11D0-8D11-00A0C91BC942}") = "simple", "examples\simple.vcxproj", "{FFC9AEE6-ABE9-3350-8F1A-9F567B994ACA}"
	ProjectSection(ProjectDependencies) = postProject
		{2D295587-D37A-33F6-BC59-9574E5F3663E} = {2D295587-D37A-33F6-BC59-9574E5F3663E}
		{640A54F5-41C9-3996-91D1-6051B774D2C7} = {640A54F5-41C9-3996-91D1-6051B774D2C7}
	EndProjectSection
EndProject
Project("{8BC9CEB8-8B4A-11D0-8D11-00A0C91BC942}") = "splitview", "examples\splitview.vcxproj", "{2AC44947-EA1D-3245-8609-61FCC931EDA0}"
	ProjectSection(ProjectDependencies) = postProject
		{2D295587-D37A-33F6-BC59-9574E5F3663E} = {2D295587-D37A-33F6-BC59-9574E5F3663E}
		{640A54F5-41C9-3996-91D1-6051B774D2C7} = {640A54F5-41C9-3996-91D1-6051B774D2C7}
	EndProjectSection
EndProject
Project("{8BC9CEB8-8B4A-11D0-8D11-00A0C91BC942}") = "tearing", "tests\tearing.vcxproj", "{585218CE-A83A-3F4D-9699-218F1C4209F8}"
	ProjectSection(ProjectDependencies) = postProject
		{2D295587-D37A-33F6-BC59-9574E5F3663E} = {2D295587-D37A-33F6-BC59-9574E5F3663E}
		{640A54F5-41C9-3996-91D1-6051B774D2C7} = {640A54F5-41C9-3996-91D1-6051B774D2C7}
	EndProjectSection
EndProject
Project("{8BC9CEB8-8B4A-11D0-8D11-00A0C91BC942}") = "threads", "tests\threads.vcxproj", "{AABDB0D0-B923-3910-AE18-7085115F5FB8}"
	ProjectSection(ProjectDependencies) = postProject
		{2D295587-D37A-33F6-BC59-9574E5F3663E} = {2D295587-D37A-33F6-BC59-9574E5F3663E}
		{640A54F5-41C9-3996-91D1-6051B774D2C7} = {640A54F5-41C9-3996-91D1-6051B774D2C7}
	EndProjectSection
EndProject
Project("{8BC9CEB8-8B4A-11D0-8D11-00A0C91BC942}") = "timeout", "tests\timeout.vcxproj", "{12C31501-B8DE-3B60-ABBD-F7F92EC68533}"
	ProjectSection(ProjectDependencies) = postProject
		{2D295587-D37A-33F6-BC59-9574E5F3663E} = {2D295587-D37A-33F6-BC59-9574E5F3663E}
		{640A54F5-41C9-3996-91D1-6051B774D2C7} = {640A54F5-41C9-3996-91D1-6051B774D2C7}
	EndProjectSection
EndProject
Project("{8BC9CEB8-8B4A-11D0-8D11-00A0C91BC942}") = "title", "tests\title.vcxproj", "{0B6345A0-D6B8-3089-8CDF-D35FDB9A81B2}"
	ProjectSection(ProjectDependencies) = postProject
		{2D295587-D37A-33F6-BC59-9574E5F3663E} = {2D295587-D37A-33F6-BC59-9574E5F3663E}
		{640A54F5-41C9-3996-91D1-6051B774D2C7} = {640A54F5-41C9-3996-91D1-6051B774D2C7}
	EndProjectSection
EndProject
Project("{8BC9CEB8-8B4A-11D0-8D11-00A0C91BC942}") = "triangle-vulkan", "tests\triangle-vulkan.vcxproj", "{5DB0F703-C323-3B29-88C2-21E058DA2F99}"
	ProjectSection(ProjectDependencies) = postProject
		{2D295587-D37A-33F6-BC59-9574E5F3663E} = {2D295587-D37A-33F6-BC59-9574E5F3663E}
		{640A54F5-41C9-3996-91D1-6051B774D2C7} = {640A54F5-41C9-3996-91D1-6051B774D2C7}
	EndProjectSection
EndProject
Project("{8BC9CEB8-8B4A-11D0-8D11-00A0C91BC942}") = "uninstall", "uninstall.vcxproj", "{6C6ED856-0F24-3D74-BA02-C1E43A468885}"
	ProjectSection(ProjectDependencies) = postProject
		{2D295587-D37A-33F6-BC59-9574E5F3663E} = {2D295587-D37A-33F6-BC59-9574E5F3663E}
	EndProjectSection
EndProject
Project("{8BC9CEB8-8B4A-11D0-8D11-00A0C91BC942}") = "wave", "examples\wave.vcxproj", "{F6C73016-832A-3058-BDB3-31F4CE5270F2}"
	ProjectSection(ProjectDependencies) = postProject
		{2D295587-D37A-33F6-BC59-9574E5F3663E} = {2D295587-D37A-33F6-BC59-9574E5F3663E}
		{640A54F5-41C9-3996-91D1-6051B774D2C7} = {640A54F5-41C9-3996-91D1-6051B774D2C7}
	EndProjectSection
EndProject
Project("{8BC9CEB8-8B4A-11D0-8D11-00A0C91BC942}") = "windows", "tests\windows.vcxproj", "{0443D1F1-C20E-309D-BAFF-F6279CC93284}"
	ProjectSection(ProjectDependencies) = postProject
		{2D295587-D37A-33F6-BC59-9574E5F3663E} = {2D295587-D37A-33F6-BC59-9574E5F3663E}
		{640A54F5-41C9-3996-91D1-6051B774D2C7} = {640A54F5-41C9-3996-91D1-6051B774D2C7}
	EndProjectSection
EndProject
Global
	GlobalSection(SolutionConfigurationPlatforms) = preSolution
		Debug|x64 = Debug|x64
		Release|x64 = Release|x64
		MinSizeRel|x64 = MinSizeRel|x64
		RelWithDebInfo|x64 = RelWithDebInfo|x64
	EndGlobalSection
	GlobalSection(ProjectConfigurationPlatforms) = postSolution
		{E778A625-49A5-39DB-9DE9-C534BB68C1D8}.Debug|x64.ActiveCfg = Debug|x64
		{E778A625-49A5-39DB-9DE9-C534BB68C1D8}.Debug|x64.Build.0 = Debug|x64
		{E778A625-49A5-39DB-9DE9-C534BB68C1D8}.Release|x64.ActiveCfg = Release|x64
		{E778A625-49A5-39DB-9DE9-C534BB68C1D8}.Release|x64.Build.0 = Release|x64
		{E778A625-49A5-39DB-9DE9-C534BB68C1D8}.MinSizeRel|x64.ActiveCfg = MinSizeRel|x64
		{E778A625-49A5-39DB-9DE9-C534BB68C1D8}.MinSizeRel|x64.Build.0 = MinSizeRel|x64
		{E778A625-49A5-39DB-9DE9-C534BB68C1D8}.RelWithDebInfo|x64.ActiveCfg = RelWithDebInfo|x64
		{E778A625-49A5-39DB-9DE9-C534BB68C1D8}.RelWithDebInfo|x64.Build.0 = RelWithDebInfo|x64
		{28153238-2862-316F-A430-BF81CC713FAC}.Debug|x64.ActiveCfg = Debug|x64
		{28153238-2862-316F-A430-BF81CC713FAC}.Release|x64.ActiveCfg = Release|x64
		{28153238-2862-316F-A430-BF81CC713FAC}.MinSizeRel|x64.ActiveCfg = MinSizeRel|x64
		{28153238-2862-316F-A430-BF81CC713FAC}.RelWithDebInfo|x64.ActiveCfg = RelWithDebInfo|x64
		{2D295587-D37A-33F6-BC59-9574E5F3663E}.Debug|x64.ActiveCfg = Debug|x64
		{2D295587-D37A-33F6-BC59-9574E5F3663E}.Debug|x64.Build.0 = Debug|x64
		{2D295587-D37A-33F6-BC59-9574E5F3663E}.Release|x64.ActiveCfg = Release|x64
		{2D295587-D37A-33F6-BC59-9574E5F3663E}.Release|x64.Build.0 = Release|x64
		{2D295587-D37A-33F6-BC59-9574E5F3663E}.MinSizeRel|x64.ActiveCfg = MinSizeRel|x64
		{2D295587-D37A-33F6-BC59-9574E5F3663E}.MinSizeRel|x64.Build.0 = MinSizeRel|x64
		{2D295587-D37A-33F6-BC59-9574E5F3663E}.RelWithDebInfo|x64.ActiveCfg = RelWithDebInfo|x64
		{2D295587-D37A-33F6-BC59-9574E5F3663E}.RelWithDebInfo|x64.Build.0 = RelWithDebInfo|x64
		{38E5F6B3-80D7-34E6-BACB-FC3ADAE3133E}.Debug|x64.ActiveCfg = Debug|x64
		{38E5F6B3-80D7-34E6-BACB-FC3ADAE3133E}.Debug|x64.Build.0 = Debug|x64
		{38E5F6B3-80D7-34E6-BACB-FC3ADAE3133E}.Release|x64.ActiveCfg = Release|x64
		{38E5F6B3-80D7-34E6-BACB-FC3ADAE3133E}.Release|x64.Build.0 = Release|x64
		{38E5F6B3-80D7-34E6-BACB-FC3ADAE3133E}.MinSizeRel|x64.ActiveCfg = MinSizeRel|x64
		{38E5F6B3-80D7-34E6-BACB-FC3ADAE3133E}.MinSizeRel|x64.Build.0 = MinSizeRel|x64
		{38E5F6B3-80D7-34E6-BACB-FC3ADAE3133E}.RelWithDebInfo|x64.ActiveCfg = RelWithDebInfo|x64
		{38E5F6B3-80D7-34E6-BACB-FC3ADAE3133E}.RelWithDebInfo|x64.Build.0 = RelWithDebInfo|x64
		{42BF9288-4594-3A6D-966C-A84C3A6A71AF}.Debug|x64.ActiveCfg = Debug|x64
		{42BF9288-4594-3A6D-966C-A84C3A6A71AF}.Debug|x64.Build.0 = Debug|x64
		{42BF9288-4594-3A6D-966C-A84C3A6A71AF}.Release|x64.ActiveCfg = Release|x64
		{42BF9288-4594-3A6D-966C-A84C3A6A71AF}.Release|x64.Build.0 = Release|x64
		{42BF9288-4594-3A6D-966C-A84C3A6A71AF}.MinSizeRel|x64.ActiveCfg = MinSizeRel|x64
		{42BF9288-4594-3A6D-966C-A84C3A6A71AF}.MinSizeRel|x64.Build.0 = MinSizeRel|x64
		{42BF9288-4594-3A6D-966C-A84C3A6A71AF}.RelWithDebInfo|x64.ActiveCfg = RelWithDebInfo|x64
		{42BF9288-4594-3A6D-966C-A84C3A6A71AF}.RelWithDebInfo|x64.Build.0 = RelWithDebInfo|x64
		{2E316ADC-E5C1-3E84-B2C8-5005DE0683EB}.Debug|x64.ActiveCfg = Debug|x64
		{2E316ADC-E5C1-3E84-B2C8-5005DE0683EB}.Debug|x64.Build.0 = Debug|x64
		{2E316ADC-E5C1-3E84-B2C8-5005DE0683EB}.Release|x64.ActiveCfg = Release|x64
		{2E316ADC-E5C1-3E84-B2C8-5005DE0683EB}.Release|x64.Build.0 = Release|x64
		{2E316ADC-E5C1-3E84-B2C8-5005DE0683EB}.MinSizeRel|x64.ActiveCfg = MinSizeRel|x64
		{2E316ADC-E5C1-3E84-B2C8-5005DE0683EB}.MinSizeRel|x64.Build.0 = MinSizeRel|x64
		{2E316ADC-E5C1-3E84-B2C8-5005DE0683EB}.RelWithDebInfo|x64.ActiveCfg = RelWithDebInfo|x64
		{2E316ADC-E5C1-3E84-B2C8-5005DE0683EB}.RelWithDebInfo|x64.Build.0 = RelWithDebInfo|x64
		{1796B047-FF60-37E4-BAE9-51BC23D540C5}.Debug|x64.ActiveCfg = Debug|x64
		{1796B047-FF60-37E4-BAE9-51BC23D540C5}.Debug|x64.Build.0 = Debug|x64
		{1796B047-FF60-37E4-BAE9-51BC23D540C5}.Release|x64.ActiveCfg = Release|x64
		{1796B047-FF60-37E4-BAE9-51BC23D540C5}.Release|x64.Build.0 = Release|x64
		{1796B047-FF60-37E4-BAE9-51BC23D540C5}.MinSizeRel|x64.ActiveCfg = MinSizeRel|x64
		{1796B047-FF60-37E4-BAE9-51BC23D540C5}.MinSizeRel|x64.Build.0 = MinSizeRel|x64
		{1796B047-FF60-37E4-BAE9-51BC23D540C5}.RelWithDebInfo|x64.ActiveCfg = RelWithDebInfo|x64
		{1796B047-FF60-37E4-BAE9-51BC23D540C5}.RelWithDebInfo|x64.Build.0 = RelWithDebInfo|x64
		{9A1C0585-28AB-3969-B7B8-DA5F1C64FEBB}.Debug|x64.ActiveCfg = Debug|x64
		{9A1C0585-28AB-3969-B7B8-DA5F1C64FEBB}.Debug|x64.Build.0 = Debug|x64
		{9A1C0585-28AB-3969-B7B8-DA5F1C64FEBB}.Release|x64.ActiveCfg = Release|x64
		{9A1C0585-28AB-3969-B7B8-DA5F1C64FEBB}.Release|x64.Build.0 = Release|x64
		{9A1C0585-28AB-3969-B7B8-DA5F1C64FEBB}.MinSizeRel|x64.ActiveCfg = MinSizeRel|x64
		{9A1C0585-28AB-3969-B7B8-DA5F1C64FEBB}.MinSizeRel|x64.Build.0 = MinSizeRel|x64
		{9A1C0585-28AB-3969-B7B8-DA5F1C64FEBB}.RelWithDebInfo|x64.ActiveCfg = RelWithDebInfo|x64
		{9A1C0585-28AB-3969-B7B8-DA5F1C64FEBB}.RelWithDebInfo|x64.Build.0 = RelWithDebInfo|x64
		{EAFF6CF2-9E49-332D-832B-2E583B91D7CB}.Debug|x64.ActiveCfg = Debug|x64
		{EAFF6CF2-9E49-332D-832B-2E583B91D7CB}.Debug|x64.Build.0 = Debug|x64
		{EAFF6CF2-9E49-332D-832B-2E583B91D7CB}.Release|x64.ActiveCfg = Release|x64
		{EAFF6CF2-9E49-332D-832B-2E583B91D7CB}.Release|x64.Build.0 = Release|x64
		{EAFF6CF2-9E49-332D-832B-2E583B91D7CB}.MinSizeRel|x64.ActiveCfg = MinSizeRel|x64
		{EAFF6CF2-9E49-332D-832B-2E583B91D7CB}.MinSizeRel|x64.Build.0 = MinSizeRel|x64
		{EAFF6CF2-9E49-332D-832B-2E583B91D7CB}.RelWithDebInfo|x64.ActiveCfg = RelWithDebInfo|x64
		{EAFF6CF2-9E49-332D-832B-2E583B91D7CB}.RelWithDebInfo|x64.Build.0 = RelWithDebInfo|x64
		{E92C9D0F-B646-38F2-81C2-618C896E2BD8}.Debug|x64.ActiveCfg = Debug|x64
		{E92C9D0F-B646-38F2-81C2-618C896E2BD8}.Debug|x64.Build.0 = Debug|x64
		{E92C9D0F-B646-38F2-81C2-618C896E2BD8}.Release|x64.ActiveCfg = Release|x64
		{E92C9D0F-B646-38F2-81C2-618C896E2BD8}.Release|x64.Build.0 = Release|x64
		{E92C9D0F-B646-38F2-81C2-618C896E2BD8}.MinSizeRel|x64.ActiveCfg = MinSizeRel|x64
		{E92C9D0F-B646-38F2-81C2-618C896E2BD8}.MinSizeRel|x64.Build.0 = MinSizeRel|x64
		{E92C9D0F-B646-38F2-81C2-618C896E2BD8}.RelWithDebInfo|x64.ActiveCfg = RelWithDebInfo|x64
		{E92C9D0F-B646-38F2-81C2-618C896E2BD8}.RelWithDebInfo|x64.Build.0 = RelWithDebInfo|x64
		{640A54F5-41C9-3996-91D1-6051B774D2C7}.Debug|x64.ActiveCfg = Debug|x64
		{640A54F5-41C9-3996-91D1-6051B774D2C7}.Debug|x64.Build.0 = Debug|x64
		{640A54F5-41C9-3996-91D1-6051B774D2C7}.Release|x64.ActiveCfg = Release|x64
		{640A54F5-41C9-3996-91D1-6051B774D2C7}.Release|x64.Build.0 = Release|x64
		{640A54F5-41C9-3996-91D1-6051B774D2C7}.MinSizeRel|x64.ActiveCfg = MinSizeRel|x64
		{640A54F5-41C9-3996-91D1-6051B774D2C7}.MinSizeRel|x64.Build.0 = MinSizeRel|x64
		{640A54F5-41C9-3996-91D1-6051B774D2C7}.RelWithDebInfo|x64.ActiveCfg = RelWithDebInfo|x64
		{640A54F5-41C9-3996-91D1-6051B774D2C7}.RelWithDebInfo|x64.Build.0 = RelWithDebInfo|x64
		{DEDDC075-3C6A-306F-B9F6-1CA4A46D788A}.Debug|x64.ActiveCfg = Debug|x64
		{DEDDC075-3C6A-306F-B9F6-1CA4A46D788A}.Debug|x64.Build.0 = Debug|x64
		{DEDDC075-3C6A-306F-B9F6-1CA4A46D788A}.Release|x64.ActiveCfg = Release|x64
		{DEDDC075-3C6A-306F-B9F6-1CA4A46D788A}.Release|x64.Build.0 = Release|x64
		{DEDDC075-3C6A-306F-B9F6-1CA4A46D788A}.MinSizeRel|x64.ActiveCfg = MinSizeRel|x64
		{DEDDC075-3C6A-306F-B9F6-1CA4A46D788A}.MinSizeRel|x64.Build.0 = MinSizeRel|x64
		{DEDDC075-3C6A-306F-B9F6-1CA4A46D788A}.RelWithDebInfo|x64.ActiveCfg = RelWithDebInfo|x64
		{DEDDC075-3C6A-306F-B9F6-1CA4A46D788A}.RelWithDebInfo|x64.Build.0 = RelWithDebInfo|x64
		{C03A2BD4-6A45-3165-ADBA-B5F6F8F72499}.Debug|x64.ActiveCfg = Debug|x64
		{C03A2BD4-6A45-3165-ADBA-B5F6F8F72499}.Debug|x64.Build.0 = Debug|x64
		{C03A2BD4-6A45-3165-ADBA-B5F6F8F72499}.Release|x64.ActiveCfg = Release|x64
		{C03A2BD4-6A45-3165-ADBA-B5F6F8F72499}.Release|x64.Build.0 = Release|x64
		{C03A2BD4-6A45-3165-ADBA-B5F6F8F72499}.MinSizeRel|x64.ActiveCfg = MinSizeRel|x64
		{C03A2BD4-6A45-3165-ADBA-B5F6F8F72499}.MinSizeRel|x64.Build.0 = MinSizeRel|x64
		{C03A2BD4-6A45-3165-ADBA-B5F6F8F72499}.RelWithDebInfo|x64.ActiveCfg = RelWithDebInfo|x64
		{C03A2BD4-6A45-3165-ADBA-B5F6F8F72499}.RelWithDebInfo|x64.Build.0 = RelWithDebInfo|x64
		{D6C074E2-43D5-3C84-B527-41FF26CAB0EC}.Debug|x64.ActiveCfg = Debug|x64
		{D6C074E2-43D5-3C84-B527-41FF26CAB0EC}.Debug|x64.Build.0 = Debug|x64
		{D6C074E2-43D5-3C84-B527-41FF26CAB0EC}.Release|x64.ActiveCfg = Release|x64
		{D6C074E2-43D5-3C84-B527-41FF26CAB0EC}.Release|x64.Build.0 = Release|x64
		{D6C074E2-43D5-3C84-B527-41FF26CAB0EC}.MinSizeRel|x64.ActiveCfg = MinSizeRel|x64
		{D6C074E2-43D5-3C84-B527-41FF26CAB0EC}.MinSizeRel|x64.Build.0 = MinSizeRel|x64
		{D6C074E2-43D5-3C84-B527-41FF26CAB0EC}.RelWithDebInfo|x64.ActiveCfg = RelWithDebInfo|x64
		{D6C074E2-43D5-3C84-B527-41FF26CAB0EC}.RelWithDebInfo|x64.Build.0 = RelWithDebInfo|x64
		{B713C3A6-BBC5-387A-8E1A-D12BDC4B4C61}.Debug|x64.ActiveCfg = Debug|x64
		{B713C3A6-BBC5-387A-8E1A-D12BDC4B4C61}.Debug|x64.Build.0 = Debug|x64
		{B713C3A6-BBC5-387A-8E1A-D12BDC4B4C61}.Release|x64.ActiveCfg = Release|x64
		{B713C3A6-BBC5-387A-8E1A-D12BDC4B4C61}.Release|x64.Build.0 = Release|x64
		{B713C3A6-BBC5-387A-8E1A-D12BDC4B4C61}.MinSizeRel|x64.ActiveCfg = MinSizeRel|x64
		{B713C3A6-BBC5-387A-8E1A-D12BDC4B4C61}.MinSizeRel|x64.Build.0 = MinSizeRel|x64
		{B713C3A6-BBC5-387A-8E1A-D12BDC4B4C61}.RelWithDebInfo|x64.ActiveCfg = RelWithDebInfo|x64
		{B713C3A6-BBC5-387A-8E1A-D12BDC4B4C61}.RelWithDebInfo|x64.Build.0 = RelWithDebInfo|x64
		{ABA59346-36A8-3DB4-B809-ABF5DF17E2E2}.Debug|x64.ActiveCfg = Debug|x64
		{ABA59346-36A8-3DB4-B809-ABF5DF17E2E2}.Debug|x64.Build.0 = Debug|x64
		{ABA59346-36A8-3DB4-B809-ABF5DF17E2E2}.Release|x64.ActiveCfg = Release|x64
		{ABA59346-36A8-3DB4-B809-ABF5DF17E2E2}.Release|x64.Build.0 = Release|x64
		{ABA59346-36A8-3DB4-B809-ABF5DF17E2E2}.MinSizeRel|x64.ActiveCfg = MinSizeRel|x64
		{ABA59346-36A8-3DB4-B809-ABF5DF17E2E2}.MinSizeRel|x64.Build.0 = MinSizeRel|x64
		{ABA59346-36A8-3DB4-B809-ABF5DF17E2E2}.RelWithDebInfo|x64.ActiveCfg = RelWithDebInfo|x64
		{ABA59346-36A8-3DB4-B809-ABF5DF17E2E2}.RelWithDebInfo|x64.Build.0 = RelWithDebInfo|x64
		{251225D8-5730-3097-8A1A-5C378B2D5431}.Debug|x64.ActiveCfg = Debug|x64
		{251225D8-5730-3097-8A1A-5C378B2D5431}.Debug|x64.Build.0 = Debug|x64
		{251225D8-5730-3097-8A1A-5C378B2D5431}.Release|x64.ActiveCfg = Release|x64
		{251225D8-5730-3097-8A1A-5C378B2D5431}.Release|x64.Build.0 = Release|x64
		{251225D8-5730-3097-8A1A-5C378B2D5431}.MinSizeRel|x64.ActiveCfg = MinSizeRel|x64
		{251225D8-5730-3097-8A1A-5C378B2D5431}.MinSizeRel|x64.Build.0 = MinSizeRel|x64
		{251225D8-5730-3097-8A1A-5C378B2D5431}.RelWithDebInfo|x64.ActiveCfg = RelWithDebInfo|x64
		{251225D8-5730-3097-8A1A-5C378B2D5431}.RelWithDebInfo|x64.Build.0 = RelWithDebInfo|x64
		{C97BD40D-9CC9-34FA-9225-4748F1454AAE}.Debug|x64.ActiveCfg = Debug|x64
		{C97BD40D-9CC9-34FA-9225-4748F1454AAE}.Debug|x64.Build.0 = Debug|x64
		{C97BD40D-9CC9-34FA-9225-4748F1454AAE}.Release|x64.ActiveCfg = Release|x64
		{C97BD40D-9CC9-34FA-9225-4748F1454AAE}.Release|x64.Build.0 = Release|x64
		{C97BD40D-9CC9-34FA-9225-4748F1454AAE}.MinSizeRel|x64.ActiveCfg = MinSizeRel|x64
		{C97BD40D-9CC9-34FA-9225-4748F1454AAE}.MinSizeRel|x64.Build.0 = MinSizeRel|x64
		{C97BD40D-9CC9-34FA-9225-4748F1454AAE}.RelWithDebInfo|x64.ActiveCfg = RelWithDebInfo|x64
		{C97BD40D-9CC9-34FA-9225-4748F1454AAE}.RelWithDebInfo|x64.Build.0 = RelWithDebInfo|x64
		{BA8D1636-5C72-328B-A02F-A3196922D8A5}.Debug|x64.ActiveCfg = Debug|x64
		{BA8D1636-5C72-328B-A02F-A3196922D8A5}.Debug|x64.Build.0 = Debug|x64
		{BA8D1636-5C72-328B-A02F-A3196922D8A5}.Release|x64.ActiveCfg = Release|x64
		{BA8D1636-5C72-328B-A02F-A3196922D8A5}.Release|x64.Build.0 = Release|x64
		{BA8D1636-5C72-328B-A02F-A3196922D8A5}.MinSizeRel|x64.ActiveCfg = MinSizeRel|x64
		{BA8D1636-5C72-328B-A02F-A3196922D8A5}.MinSizeRel|x64.Build.0 = MinSizeRel|x64
		{BA8D1636-5C72-328B-A02F-A3196922D8A5}.RelWithDebInfo|x64.ActiveCfg = RelWithDebInfo|x64
		{BA8D1636-5C72-328B-A02F-A3196922D8A5}.RelWithDebInfo|x64.Build.0 = RelWithDebInfo|x64
		{AA55AE3C-021D-333A-9CB5-6AA9DD6A38C6}.Debug|x64.ActiveCfg = Debug|x64
		{AA55AE3C-021D-333A-9CB5-6AA9DD6A38C6}.Debug|x64.Build.0 = Debug|x64
		{AA55AE3C-021D-333A-9CB5-6AA9DD6A38C6}.Release|x64.ActiveCfg = Release|x64
		{AA55AE3C-021D-333A-9CB5-6AA9DD6A38C6}.Release|x64.Build.0 = Release|x64
		{AA55AE3C-021D-333A-9CB5-6AA9DD6A38C6}.MinSizeRel|x64.ActiveCfg = MinSizeRel|x64
		{AA55AE3C-021D-333A-9CB5-6AA9DD6A38C6}.MinSizeRel|x64.Build.0 = MinSizeRel|x64
		{AA55AE3C-021D-333A-9CB5-6AA9DD6A38C6}.RelWithDebInfo|x64.ActiveCfg = RelWithDebInfo|x64
		{AA55AE3C-021D-333A-9CB5-6AA9DD6A38C6}.RelWithDebInfo|x64.Build.0 = RelWithDebInfo|x64
		{D103D1E7-1758-331D-AF46-F93E697F772E}.Debug|x64.ActiveCfg = Debug|x64
		{D103D1E7-1758-331D-AF46-F93E697F772E}.Debug|x64.Build.0 = Debug|x64
		{D103D1E7-1758-331D-AF46-F93E697F772E}.Release|x64.ActiveCfg = Release|x64
		{D103D1E7-1758-331D-AF46-F93E697F772E}.Release|x64.Build.0 = Release|x64
		{D103D1E7-1758-331D-AF46-F93E697F772E}.MinSizeRel|x64.ActiveCfg = MinSizeRel|x64
		{D103D1E7-1758-331D-AF46-F93E697F772E}.MinSizeRel|x64.Build.0 = MinSizeRel|x64
		{D103D1E7-1758-331D-AF46-F93E697F772E}.RelWithDebInfo|x64.ActiveCfg = RelWithDebInfo|x64
		{D103D1E7-1758-331D-AF46-F93E697F772E}.RelWithDebInfo|x64.Build.0 = RelWithDebInfo|x64
		{1534A4F3-EA8A-3BE2-B409-44163559C851}.Debug|x64.ActiveCfg = Debug|x64
		{1534A4F3-EA8A-3BE2-B409-44163559C851}.Debug|x64.Build.0 = Debug|x64
		{1534A4F3-EA8A-3BE2-B409-44163559C851}.Release|x64.ActiveCfg = Release|x64
		{1534A4F3-EA8A-3BE2-B409-44163559C851}.Release|x64.Build.0 = Release|x64
		{1534A4F3-EA8A-3BE2-B409-44163559C851}.MinSizeRel|x64.ActiveCfg = MinSizeRel|x64
		{1534A4F3-EA8A-3BE2-B409-44163559C851}.MinSizeRel|x64.Build.0 = MinSizeRel|x64
		{1534A4F3-EA8A-3BE2-B409-44163559C851}.RelWithDebInfo|x64.ActiveCfg = RelWithDebInfo|x64
		{1534A4F3-EA8A-3BE2-B409-44163559C851}.RelWithDebInfo|x64.Build.0 = RelWithDebInfo|x64
		{08C71A3C-AC48-3DCB-A21C-70D8587A5F06}.Debug|x64.ActiveCfg = Debug|x64
		{08C71A3C-AC48-3DCB-A21C-70D8587A5F06}.Debug|x64.Build.0 = Debug|x64
		{08C71A3C-AC48-3DCB-A21C-70D8587A5F06}.Release|x64.ActiveCfg = Release|x64
		{08C71A3C-AC48-3DCB-A21C-70D8587A5F06}.Release|x64.Build.0 = Release|x64
		{08C71A3C-AC48-3DCB-A21C-70D8587A5F06}.MinSizeRel|x64.ActiveCfg = MinSizeRel|x64
		{08C71A3C-AC48-3DCB-A21C-70D8587A5F06}.MinSizeRel|x64.Build.0 = MinSizeRel|x64
		{08C71A3C-AC48-3DCB-A21C-70D8587A5F06}.RelWithDebInfo|x64.ActiveCfg = RelWithDebInfo|x64
		{08C71A3C-AC48-3DCB-A21C-70D8587A5F06}.RelWithDebInfo|x64.Build.0 = RelWithDebInfo|x64
		{99EEE91F-532F-38A3-B818-F719BE76B042}.Debug|x64.ActiveCfg = Debug|x64
		{99EEE91F-532F-38A3-B818-F719BE76B042}.Debug|x64.Build.0 = Debug|x64
		{99EEE91F-532F-38A3-B818-F719BE76B042}.Release|x64.ActiveCfg = Release|x64
		{99EEE91F-532F-38A3-B818-F719BE76B042}.Release|x64.Build.0 = Release|x64
		{99EEE91F-532F-38A3-B818-F719BE76B042}.MinSizeRel|x64.ActiveCfg = MinSizeRel|x64
		{99EEE91F-532F-38A3-B818-F719BE76B042}.MinSizeRel|x64.Build.0 = MinSizeRel|x64
		{99EEE91F-532F-38A3-B818-F719BE76B042}.RelWithDebInfo|x64.ActiveCfg = RelWithDebInfo|x64
		{99EEE91F-532F-38A3-B818-F719BE76B042}.RelWithDebInfo|x64.Build.0 = RelWithDebInfo|x64
		{FFC9AEE6-ABE9-3350-8F1A-9F567B994ACA}.Debug|x64.ActiveCfg = Debug|x64
		{FFC9AEE6-ABE9-3350-8F1A-9F567B994ACA}.Debug|x64.Build.0 = Debug|x64
		{FFC9AEE6-ABE9-3350-8F1A-9F567B994ACA}.Release|x64.ActiveCfg = Release|x64
		{FFC9AEE6-ABE9-3350-8F1A-9F567B994ACA}.Release|x64.Build.0 = Release|x64
		{FFC9AEE6-ABE9-3350-8F1A-9F567B994ACA}.MinSizeRel|x64.ActiveCfg = MinSizeRel|x64
		{FFC9AEE6-ABE9-3350-8F1A-9F567B994ACA}.MinSizeRel|x64.Build.0 = MinSizeRel|x64
		{FFC9AEE6-ABE9-3350-8F1A-9F567B994ACA}.RelWithDebInfo|x64.ActiveCfg = RelWithDebInfo|x64
		{FFC9AEE6-ABE9-3350-8F1A-9F567B994ACA}.RelWithDebInfo|x64.Build.0 = RelWithDebInfo|x64
		{2AC44947-EA1D-3245-8609-61FCC931EDA0}.Debug|x64.ActiveCfg = Debug|x64
		{2AC44947-EA1D-3245-8609-61FCC931EDA0}.Debug|x64.Build.0 = Debug|x64
		{2AC44947-EA1D-3245-8609-61FCC931EDA0}.Release|x64.ActiveCfg = Release|x64
		{2AC44947-EA1D-3245-8609-61FCC931EDA0}.Release|x64.Build.0 = Release|x64
		{2AC44947-EA1D-3245-8609-61FCC931EDA0}.MinSizeRel|x64.ActiveCfg = MinSizeRel|x64
		{2AC44947-EA1D-3245-8609-61FCC931EDA0}.MinSizeRel|x64.Build.0 = MinSizeRel|x64
		{2AC44947-EA1D-3245-8609-61FCC931EDA0}.RelWithDebInfo|x64.ActiveCfg = RelWithDebInfo|x64
		{2AC44947-EA1D-3245-8609-61FCC931EDA0}.RelWithDebInfo|x64.Build.0 = RelWithDebInfo|x64
		{585218CE-A83A-3F4D-9699-218F1C4209F8}.Debug|x64.ActiveCfg = Debug|x64
		{585218CE-A83A-3F4D-9699-218F1C4209F8}.Debug|x64.Build.0 = Debug|x64
		{585218CE-A83A-3F4D-9699-218F1C4209F8}.Release|x64.ActiveCfg = Release|x64
		{585218CE-A83A-3F4D-9699-218F1C4209F8}.Release|x64.Build.0 = Release|x64
		{585218CE-A83A-3F4D-9699-218F1C4209F8}.MinSizeRel|x64.ActiveCfg = MinSizeRel|x64
		{585218CE-A83A-3F4D-9699-218F1C4209F8}.MinSizeRel|x64.Build.0 = MinSizeRel|x64
		{585218CE-A83A-3F4D-9699-218F1C4209F8}.RelWithDebInfo|x64.ActiveCfg = RelWithDebInfo|x64
		{585218CE-A83A-3F4D-9699-218F1C4209F8}.RelWithDebInfo|x64.Build.0 = RelWithDebInfo|x64
		{AABDB0D0-B923-3910-AE18-7085115F5FB8}.Debug|x64.ActiveCfg = Debug|x64
		{AABDB0D0-B923-3910-AE18-7085115F5FB8}.Debug|x64.Build.0 = Debug|x64
		{AABDB0D0-B923-3910-AE18-7085115F5FB8}.Release|x64.ActiveCfg = Release|x64
		{AABDB0D0-B923-3910-AE18-7085115F5FB8}.Release|x64.Build.0 = Release|x64
		{AABDB0D0-B923-3910-AE18-7085115F5FB8}.MinSizeRel|x64.ActiveCfg = MinSizeRel|x64
		{AABDB0D0-B923-3910-AE18-7085115F5FB8}.MinSizeRel|x64.Build.0 = MinSizeRel|x64
		{AABDB0D0-B923-3910-AE18-7085115F5FB8}.RelWithDebInfo|x64.ActiveCfg = RelWithDebInfo|x64
		{AABDB0D0-B923-3910-AE18-7085115F5FB8}.RelWithDebInfo|x64.Build.0 = RelWithDebInfo|x64
		{12C31501-B8DE-3B60-ABBD-F7F92EC68533}.Debug|x64.ActiveCfg = Debug|x64
		{12C31501-B8DE-3B60-ABBD-F7F92EC68533}.Debug|x64.Build.0 = Debug|x64
		{12C31501-B8DE-3B60-ABBD-F7F92EC68533}.Release|x64.ActiveCfg = Release|x64
		{12C31501-B8DE-3B60-ABBD-F7F92EC68533}.Release|x64.Build.0 = Release|x64
		{12C31501-B8DE-3B60-ABBD-F7F92EC68533}.MinSizeRel|x64.ActiveCfg = MinSizeRel|x64
		{12C31501-B8DE-3B60-ABBD-F7F92EC68533}.MinSizeRel|x64.Build.0 = MinSizeRel|x64
		{12C31501-B8DE-3B60-ABBD-F7F92EC68533}.RelWithDebInfo|x64.ActiveCfg = RelWithDebInfo|x64
		{12C31501-B8DE-3B60-ABBD-F7F92EC68533}.RelWithDebInfo|x64.Build.0 = RelWithDebInfo|x64
		{0B6345A0-D6B8-3089-8CDF-D35FDB9A81B2}.Debug|x64.ActiveCfg = Debug|x64
		{0B6345A0-D6B8-3089-8CDF-D35FDB9A81B2}.Debug|x64.Build.0 = Debug|x64
		{0B6345A0-D6B8-3089-8CDF-D35FDB9A81B2}.Release|x64.ActiveCfg = Release|x64
		{0B6345A0-D6B8-3089-8CDF-D35FDB9A81B2}.Release|x64.Build.0 = Release|x64
		{0B6345A0-D6B8-3089-8CDF-D35FDB9A81B2}.MinSizeRel|x64.ActiveCfg = MinSizeRel|x64
		{0B6345A0-D6B8-3089-8CDF-D35FDB9A81B2}.MinSizeRel|x64.Build.0 = MinSizeRel|x64
		{0B6345A0-D6B8-3089-8CDF-D35FDB9A81B2}.RelWithDebInfo|x64.ActiveCfg = RelWithDebInfo|x64
		{0B6345A0-D6B8-3089-8CDF-D35FDB9A81B2}.RelWithDebInfo|x64.Build.0 = RelWithDebInfo|x64
		{5DB0F703-C323-3B29-88C2-21E058DA2F99}.Debug|x64.ActiveCfg = Debug|x64
		{5DB0F703-C323-3B29-88C2-21E058DA2F99}.Debug|x64.Build.0 = Debug|x64
		{5DB0F703-C323-3B29-88C2-21E058DA2F99}.Release|x64.ActiveCfg = Release|x64
		{5DB0F703-C323-3B29-88C2-21E058DA2F99}.Release|x64.Build.0 = Release|x64
		{5DB0F703-C323-3B29-88C2-21E058DA2F99}.MinSizeRel|x64.ActiveCfg = MinSizeRel|x64
		{5DB0F703-C323-3B29-88C2-21E058DA2F99}.MinSizeRel|x64.Build.0 = MinSizeRel|x64
		{5DB0F703-C323-3B29-88C2-21E058DA2F99}.RelWithDebInfo|x64.ActiveCfg = RelWithDebInfo|x64
		{5DB0F703-C323-3B29-88C2-21E058DA2F99}.RelWithDebInfo|x64.Build.0 = RelWithDebInfo|x64
		{6C6ED856-0F24-3D74-BA02-C1E43A468885}.Debug|x64.ActiveCfg = Debug|x64
		{6C6ED856-0F24-3D74-BA02-C1E43A468885}.Release|x64.ActiveCfg = Release|x64
		{6C6ED856-0F24-3D74-BA02-C1E43A468885}.MinSizeRel|x64.ActiveCfg = MinSizeRel|x64
		{6C6ED856-0F24-3D74-BA02-C1E43A468885}.RelWithDebInfo|x64.ActiveCfg = RelWithDebInfo|x64
		{F6C73016-832A-3058-BDB3-31F4CE5270F2}.Debug|x64.ActiveCfg = Debug|x64
		{F6C73016-832A-3058-BDB3-31F4CE5270F2}.Debug|x64.Build.0 = Debug|x64
		{F6C73016-832A-3058-BDB3-31F4CE5270F2}.Release|x64.ActiveCfg = Release|x64
		{F6C73016-832A-3058-BDB3-31F4CE5270F2}.Release|x64.Build.0 = Release|x64
		{F6C73016-832A-3058-BDB3-31F4CE5270F2}.MinSizeRel|x64.ActiveCfg = MinSizeRel|x64
		{F6C73016-832A-3058-BDB3-31F4CE5270F2}.MinSizeRel|x64.Build.0 = MinSizeRel|x64
		{F6C73016-832A-3058-BDB3-31F4CE5270F2}.RelWithDebInfo|x64.ActiveCfg = RelWithDebInfo|x64
		{F6C73016-832A-3058-BDB3-31F4CE5270F2}.RelWithDebInfo|x64.Build.0 = RelWithDebInfo|x64
		{0443D1F1-C20E-309D-BAFF-F6279CC93284}.Debug|x64.ActiveCfg = Debug|x64
		{0443D1F1-C20E-309D-BAFF-F6279CC93284}.Debug|x64.Build.0 = Debug|x64
		{0443D1F1-C20E-309D-BAFF-F6279CC93284}.Release|x64.ActiveCfg = Release|x64
		{0443D1F1-C20E-309D-BAFF-F6279CC93284}.Release|x64.Build.0 = Release|x64
		{0443D1F1-C20E-309D-BAFF-F6279CC93284}.MinSizeRel|x64.ActiveCfg = MinSizeRel|x64
		{0443D1F1-C20E-309D-BAFF-F6279CC93284}.MinSizeRel|x64.Build.0 = MinSizeRel|x64
		{0443D1F1-C20E-309D-BAFF-F6279CC93284}.RelWithDebInfo|x64.ActiveCfg = RelWithDebInfo|x64
		{0443D1F1-C20E-309D-BAFF-F6279CC93284}.RelWithDebInfo|x64.Build.0 = RelWithDebInfo|x64
	EndGlobalSection
	GlobalSection(NestedProjects) = preSolution
		{E778A625-49A5-39DB-9DE9-C534BB68C1D8} = {7E981D91-1550-393E-A055-C716C287689C}
		{28153238-2862-316F-A430-BF81CC713FAC} = {7E981D91-1550-393E-A055-C716C287689C}
		{2D295587-D37A-33F6-BC59-9574E5F3663E} = {7E981D91-1550-393E-A055-C716C287689C}
		{279F865D-6602-365C-8FD6-23D6DBF826A2} = {6E74B29C-23D6-35CF-96C2-869CE3950467}
		{ADC7FFA2-BF58-3571-9752-CB2F011C9735} = {6E74B29C-23D6-35CF-96C2-869CE3950467}
		{640A54F5-41C9-3996-91D1-6051B774D2C7} = {6E74B29C-23D6-35CF-96C2-869CE3950467}
		{6C6ED856-0F24-3D74-BA02-C1E43A468885} = {6E74B29C-23D6-35CF-96C2-869CE3950467}
		{38E5F6B3-80D7-34E6-BACB-FC3ADAE3133E} = {279F865D-6602-365C-8FD6-23D6DBF826A2}
		{E92C9D0F-B646-38F2-81C2-618C896E2BD8} = {279F865D-6602-365C-8FD6-23D6DBF826A2}
		{C03A2BD4-6A45-3165-ADBA-B5F6F8F72499} = {279F865D-6602-365C-8FD6-23D6DBF826A2}
		{AA55AE3C-021D-333A-9CB5-6AA9DD6A38C6} = {279F865D-6602-365C-8FD6-23D6DBF826A2}
		{1534A4F3-EA8A-3BE2-B409-44163559C851} = {279F865D-6602-365C-8FD6-23D6DBF826A2}
		{99EEE91F-532F-38A3-B818-F719BE76B042} = {279F865D-6602-365C-8FD6-23D6DBF826A2}
		{FFC9AEE6-ABE9-3350-8F1A-9F567B994ACA} = {279F865D-6602-365C-8FD6-23D6DBF826A2}
		{2AC44947-EA1D-3245-8609-61FCC931EDA0} = {279F865D-6602-365C-8FD6-23D6DBF826A2}
		{F6C73016-832A-3058-BDB3-31F4CE5270F2} = {279F865D-6602-365C-8FD6-23D6DBF826A2}
		{42BF9288-4594-3A6D-966C-A84C3A6A71AF} = {ADC7FFA2-BF58-3571-9752-CB2F011C9735}
		{2E316ADC-E5C1-3E84-B2C8-5005DE0683EB} = {ADC7FFA2-BF58-3571-9752-CB2F011C9735}
		{1796B047-FF60-37E4-BAE9-51BC23D540C5} = {ADC7FFA2-BF58-3571-9752-CB2F011C9735}
		{9A1C0585-28AB-3969-B7B8-DA5F1C64FEBB} = {ADC7FFA2-BF58-3571-9752-CB2F011C9735}
		{EAFF6CF2-9E49-332D-832B-2E583B91D7CB} = {ADC7FFA2-BF58-3571-9752-CB2F011C9735}
		{DEDDC075-3C6A-306F-B9F6-1CA4A46D788A} = {ADC7FFA2-BF58-3571-9752-CB2F011C9735}
		{D6C074E2-43D5-3C84-B527-41FF26CAB0EC} = {ADC7FFA2-BF58-3571-9752-CB2F011C9735}
		{B713C3A6-BBC5-387A-8E1A-D12BDC4B4C61} = {ADC7FFA2-BF58-3571-9752-CB2F011C9735}
		{ABA59346-36A8-3DB4-B809-ABF5DF17E2E2} = {ADC7FFA2-BF58-3571-9752-CB2F011C9735}
		{251225D8-5730-3097-8A1A-5C378B2D5431} = {ADC7FFA2-BF58-3571-9752-CB2F011C9735}
		{C97BD40D-9CC9-34FA-9225-4748F1454AAE} = {ADC7FFA2-BF58-3571-9752-CB2F011C9735}
		{BA8D1636-5C72-328B-A02F-A3196922D8A5} = {ADC7FFA2-BF58-3571-9752-CB2F011C9735}
		{D103D1E7-1758-331D-AF46-F93E697F772E} = {ADC7FFA2-BF58-3571-9752-CB2F011C9735}
		{08C71A3C-AC48-3DCB-A21C-70D8587A5F06} = {ADC7FFA2-BF58-3571-9752-CB2F011C9735}
		{585218CE-A83A-3F4D-9699-218F1C4209F8} = {ADC7FFA2-BF58-3571-9752-CB2F011C9735}
		{AABDB0D0-B923-3910-AE18-7085115F5FB8} = {ADC7FFA2-BF58-3571-9752-CB2F011C9735}
		{12C31501-B8DE-3B60-ABBD-F7F92EC68533} = {ADC7FFA2-BF58-3571-9752-CB2F011C9735}
		{0B6345A0-D6B8-3089-8CDF-D35FDB9A81B2} = {ADC7FFA2-BF58-3571-9752-CB2F011C9735}
		{5DB0F703-C323-3B29-88C2-21E058DA2F99} = {ADC7FFA2-BF58-3571-9752-CB2F011C9735}
		{0443D1F1-C20E-309D-BAFF-F6279CC93284} = {ADC7FFA2-BF58-3571-9752-CB2F011C9735}
	EndGlobalSection
	GlobalSection(ExtensibilityGlobals) = postSolution
		SolutionGuid = {033D41AF-0209-3B25-A014-D788C2223B63}
	EndGlobalSection
	GlobalSection(ExtensibilityAddIns) = postSolution
	EndGlobalSection
EndGlobal
