Microsoft Visual Studio Solution File, Format Version 12.00
# Visual Studio 16
Project("{2150E333-8FDC-42A3-9474-1A3956D46DE8}") = "CMakePredefinedTargets", "CMakePredefinedTargets", "{957C7F76-612D-3CB5-B724-A73D6E1BBB95}"
EndProject
Project("{2150E333-8FDC-42A3-9474-1A3956D46DE8}") = "GLFW3", "GLFW3", "{2E0C59AE-7BA9-331A-A425-03F4D0B95A62}"
EndProject
Project("{2150E333-8FDC-42A3-9474-1A3956D46DE8}") = "Examples", "GLFW3\Examples", "{4393E07A-328C-3C07-AF6C-E371D873BFD8}"
EndProject
Project("{2150E333-8FDC-42A3-9474-1A3956D46DE8}") = "Tests", "GLFW3\Tests", "{7E95F6F3-D724-382B-A486-70FEF6026611}"
EndProject
Project("{8BC9CEB8-8B4A-11D0-8D11-00A0C91BC942}") = "ALL_BUILD", "ALL_BUILD.vcxproj", "{7DEA77FC-7B07-3D79-91FC-5F1976EBAD71}"
	ProjectSection(ProjectDependencies) = postProject
		{44F0AF5F-F9F4-36AD-B95E-5F979A4F5990} = {44F0AF5F-F9F4-36AD-B95E-5F979A4F5990}
		{0ED71D3D-CB40-3B50-BF25-A4DF1746C006} = {0ED71D3D-CB40-3B50-BF25-A4DF1746C006}
		{CA7692DE-D2E9-3A09-BDEF-BB0BF5E6424B} = {CA7692DE-D2E9-3A09-BDEF-BB0BF5E6424B}
		{8046296F-5BF3-364C-B537-354B9D85404B} = {8046296F-5BF3-364C-B537-354B9D85404B}
		{6E54D792-9B10-3047-9779-95E158BCC169} = {6E54D792-9B10-3047-9779-95E158BCC169}
		{86E6C2CE-A6DC-3889-B73C-310B625B23E9} = {86E6C2CE-A6DC-3889-B73C-310B625B23E9}
		{7BD7ADEB-00F3-3E52-AE0A-965596DDD1BD} = {7BD7ADEB-00F3-3E52-AE0A-965596DDD1BD}
		{FA9D91B9-1E68-30CF-A99F-30EF351DEC06} = {FA9D91B9-1E68-30CF-A99F-30EF351DEC06}
		{91E3775F-2EAA-3B04-B516-A2C93460611C} = {91E3775F-2EAA-3B04-B516-A2C93460611C}
		{76ABC007-5DC9-391B-B673-2FBF9996BFE9} = {76ABC007-5DC9-391B-B673-2FBF9996BFE9}
		{C3AB4264-6B02-3E5E-B6EF-A12ED7F35BC3} = {C3AB4264-6B02-3E5E-B6EF-A12ED7F35BC3}
		{45A3A9C6-F400-33A9-8FCD-548D8179463E} = {45A3A9C6-F400-33A9-8FCD-548D8179463E}
		{6084C0A6-2D5E-327E-B291-6E5CED466D97} = {6084C0A6-2D5E-327E-B291-6E5CED466D97}
		{1B1E3EC2-ECB3-3C6D-A0AE-275A218E8B50} = {1B1E3EC2-ECB3-3C6D-A0AE-275A218E8B50}
		{C75A99B9-BD9F-39DC-80AE-D8A4322AC860} = {C75A99B9-BD9F-39DC-80AE-D8A4322AC860}
		{74D1BECC-B050-337A-AB2D-D0EF00765AC4} = {74D1BECC-B050-337A-AB2D-D0EF00765AC4}
		{FCA14655-D7D3-301D-8C67-F8B4F69E5FB5} = {FCA14655-D7D3-301D-8C67-F8B4F69E5FB5}
		{3E9307D1-12EB-35BF-8C06-FAA9F31B3307} = {3E9307D1-12EB-35BF-8C06-FAA9F31B3307}
		{45C178A6-1554-305A-8DCC-E74F5E198AD9} = {45C178A6-1554-305A-8DCC-E74F5E198AD9}
		{D96B9667-F6D9-3233-BDF6-F95F1F3C89A5} = {D96B9667-F6D9-3233-BDF6-F95F1F3C89A5}
		{C10945E9-3C6D-3881-83A2-C9D82D8841C1} = {C10945E9-3C6D-3881-83A2-C9D82D8841C1}
		{8D175876-A004-32EA-A432-68880CF10489} = {8D175876-A004-32EA-A432-68880CF10489}
		{3CA6968F-9045-38BA-A81F-810F38F79E51} = {3CA6968F-9045-38BA-A81F-810F38F79E51}
		{4305C878-0F6A-33D9-8AB7-928649B19A0E} = {4305C878-0F6A-33D9-8AB7-928649B19A0E}
		{6EBBBC7F-DA07-3BFC-9918-6B6E05EB7806} = {6EBBBC7F-DA07-3BFC-9918-6B6E05EB7806}
		{5D1A69AB-A3A9-3D95-A225-790E0614146B} = {5D1A69AB-A3A9-3D95-A225-790E0614146B}
		{11E4F319-9B16-32F8-95C7-0DBDE93FFEC5} = {11E4F319-9B16-32F8-95C7-0DBDE93FFEC5}
		{3F3EACE3-B477-36ED-A2AC-C904A2E8836C} = {3F3EACE3-B477-36ED-A2AC-C904A2E8836C}
		{A99DCFC4-ADD4-39D9-9F33-407D00C92691} = {A99DCFC4-ADD4-39D9-9F33-407D00C92691}
		{0BBB0586-DB93-3478-B4EB-D45C4B090887} = {0BBB0586-DB93-3478-B4EB-D45C4B090887}
		{FAF3F681-E27D-33FC-9221-313D5F8F7AD0} = {FAF3F681-E27D-33FC-9221-313D5F8F7AD0}
	EndProjectSection
EndProject
Project("{8BC9CEB8-8B4A-11D0-8D11-00A0C91BC942}") = "INSTALL", "INSTALL.vcxproj", "{461731FF-F7CD-3569-8330-A07832E9A6C9}"
	ProjectSection(ProjectDependencies) = postProject
		{7DEA77FC-7B07-3D79-91FC-5F1976EBAD71} = {7DEA77FC-7B07-3D79-91FC-5F1976EBAD71}
		{44F0AF5F-F9F4-36AD-B95E-5F979A4F5990} = {44F0AF5F-F9F4-36AD-B95E-5F979A4F5990}
	EndProjectSection
EndProject
Project("{8BC9CEB8-8B4A-11D0-8D11-00A0C91BC942}") = "ZERO_CHECK", "ZERO_CHECK.vcxproj", "{44F0AF5F-F9F4-36AD-B95E-5F979A4F5990}"
	ProjectSection(ProjectDependencies) = postProject
	EndProjectSection
EndProject
Project("{8BC9CEB8-8B4A-11D0-8D11-00A0C91BC942}") = "boing", "examples\boing.vcxproj", "{0ED71D3D-CB40-3B50-BF25-A4DF1746C006}"
	ProjectSection(ProjectDependencies) = postProject
		{44F0AF5F-F9F4-36AD-B95E-5F979A4F5990} = {44F0AF5F-F9F4-36AD-B95E-5F979A4F5990}
		{91E3775F-2EAA-3B04-B516-A2C93460611C} = {91E3775F-2EAA-3B04-B516-A2C93460611C}
	EndProjectSection
EndProject
Project("{8BC9CEB8-8B4A-11D0-8D11-00A0C91BC942}") = "clipboard", "tests\clipboard.vcxproj", "{CA7692DE-D2E9-3A09-BDEF-BB0BF5E6424B}"
	ProjectSection(ProjectDependencies) = postProject
		{44F0AF5F-F9F4-36AD-B95E-5F979A4F5990} = {44F0AF5F-F9F4-36AD-B95E-5F979A4F5990}
		{91E3775F-2EAA-3B04-B516-A2C93460611C} = {91E3775F-2EAA-3B04-B516-A2C93460611C}
	EndProjectSection
EndProject
Project("{8BC9CEB8-8B4A-11D0-8D11-00A0C91BC942}") = "cursor", "tests\cursor.vcxproj", "{8046296F-5BF3-364C-B537-354B9D85404B}"
	ProjectSection(ProjectDependencies) = postProject
		{44F0AF5F-F9F4-36AD-B95E-5F979A4F5990} = {44F0AF5F-F9F4-36AD-B95E-5F979A4F5990}
		{91E3775F-2EAA-3B04-B516-A2C93460611C} = {91E3775F-2EAA-3B04-B516-A2C93460611C}
	EndProjectSection
EndProject
Project("{8BC9CEB8-8B4A-11D0-8D11-00A0C91BC942}") = "empty", "tests\empty.vcxproj", "{6E54D792-9B10-3047-9779-95E158BCC169}"
	ProjectSection(ProjectDependencies) = postProject
		{44F0AF5F-F9F4-36AD-B95E-5F979A4F5990} = {44F0AF5F-F9F4-36AD-B95E-5F979A4F5990}
		{91E3775F-2EAA-3B04-B516-A2C93460611C} = {91E3775F-2EAA-3B04-B516-A2C93460611C}
	EndProjectSection
EndProject
Project("{8BC9CEB8-8B4A-11D0-8D11-00A0C91BC942}") = "events", "tests\events.vcxproj", "{86E6C2CE-A6DC-3889-B73C-310B625B23E9}"
	ProjectSection(ProjectDependencies) = postProject
		{44F0AF5F-F9F4-36AD-B95E-5F979A4F5990} = {44F0AF5F-F9F4-36AD-B95E-5F979A4F5990}
		{91E3775F-2EAA-3B04-B516-A2C93460611C} = {91E3775F-2EAA-3B04-B516-A2C93460611C}
	EndProjectSection
EndProject
Project("{8BC9CEB8-8B4A-11D0-8D11-00A0C91BC942}") = "gamma", "tests\gamma.vcxproj", "{7BD7ADEB-00F3-3E52-AE0A-965596DDD1BD}"
	ProjectSection(ProjectDependencies) = postProject
		{44F0AF5F-F9F4-36AD-B95E-5F979A4F5990} = {44F0AF5F-F9F4-36AD-B95E-5F979A4F5990}
		{91E3775F-2EAA-3B04-B516-A2C93460611C} = {91E3775F-2EAA-3B04-B516-A2C93460611C}
	EndProjectSection
EndProject
Project("{8BC9CEB8-8B4A-11D0-8D11-00A0C91BC942}") = "gears", "examples\gears.vcxproj", "{FA9D91B9-1E68-30CF-A99F-30EF351DEC06}"
	ProjectSection(ProjectDependencies) = postProject
		{44F0AF5F-F9F4-36AD-B95E-5F979A4F5990} = {44F0AF5F-F9F4-36AD-B95E-5F979A4F5990}
		{91E3775F-2EAA-3B04-B516-A2C93460611C} = {91E3775F-2EAA-3B04-B516-A2C93460611C}
	EndProjectSection
EndProject
Project("{8BC9CEB8-8B4A-11D0-8D11-00A0C91BC942}") = "glfw", "src\glfw.vcxproj", "{91E3775F-2EAA-3B04-B516-A2C93460611C}"
	ProjectSection(ProjectDependencies) = postProject
		{44F0AF5F-F9F4-36AD-B95E-5F979A4F5990} = {44F0AF5F-F9F4-36AD-B95E-5F979A4F5990}
	EndProjectSection
EndProject
Project("{8BC9CEB8-8B4A-11D0-8D11-00A0C91BC942}") = "glfwinfo", "tests\glfwinfo.vcxproj", "{76ABC007-5DC9-391B-B673-2FBF9996BFE9}"
	ProjectSection(ProjectDependencies) = postProject
		{44F0AF5F-F9F4-36AD-B95E-5F979A4F5990} = {44F0AF5F-F9F4-36AD-B95E-5F979A4F5990}
		{91E3775F-2EAA-3B04-B516-A2C93460611C} = {91E3775F-2EAA-3B04-B516-A2C93460611C}
	EndProjectSection
EndProject
Project("{8BC9CEB8-8B4A-11D0-8D11-00A0C91BC942}") = "heightmap", "examples\heightmap.vcxproj", "{C3AB4264-6B02-3E5E-B6EF-A12ED7F35BC3}"
	ProjectSection(ProjectDependencies) = postProject
		{44F0AF5F-F9F4-36AD-B95E-5F979A4F5990} = {44F0AF5F-F9F4-36AD-B95E-5F979A4F5990}
		{91E3775F-2EAA-3B04-B516-A2C93460611C} = {91E3775F-2EAA-3B04-B516-A2C93460611C}
	EndProjectSection
EndProject
Project("{8BC9CEB8-8B4A-11D0-8D11-00A0C91BC942}") = "icon", "tests\icon.vcxproj", "{45A3A9C6-F400-33A9-8FCD-548D8179463E}"
	ProjectSection(ProjectDependencies) = postProject
		{44F0AF5F-F9F4-36AD-B95E-5F979A4F5990} = {44F0AF5F-F9F4-36AD-B95E-5F979A4F5990}
		{91E3775F-2EAA-3B04-B516-A2C93460611C} = {91E3775F-2EAA-3B04-B516-A2C93460611C}
	EndProjectSection
EndProject
Project("{8BC9CEB8-8B4A-11D0-8D11-00A0C91BC942}") = "iconify", "tests\iconify.vcxproj", "{6084C0A6-2D5E-327E-B291-6E5CED466D97}"
	ProjectSection(ProjectDependencies) = postProject
		{44F0AF5F-F9F4-36AD-B95E-5F979A4F5990} = {44F0AF5F-F9F4-36AD-B95E-5F979A4F5990}
		{91E3775F-2EAA-3B04-B516-A2C93460611C} = {91E3775F-2EAA-3B04-B516-A2C93460611C}
	EndProjectSection
EndProject
Project("{8BC9CEB8-8B4A-11D0-8D11-00A0C91BC942}") = "inputlag", "tests\inputlag.vcxproj", "{1B1E3EC2-ECB3-3C6D-A0AE-275A218E8B50}"
	ProjectSection(ProjectDependencies) = postProject
		{44F0AF5F-F9F4-36AD-B95E-5F979A4F5990} = {44F0AF5F-F9F4-36AD-B95E-5F979A4F5990}
		{91E3775F-2EAA-3B04-B516-A2C93460611C} = {91E3775F-2EAA-3B04-B516-A2C93460611C}
	EndProjectSection
EndProject
Project("{8BC9CEB8-8B4A-11D0-8D11-00A0C91BC942}") = "joysticks", "tests\joysticks.vcxproj", "{C75A99B9-BD9F-39DC-80AE-D8A4322AC860}"
	ProjectSection(ProjectDependencies) = postProject
		{44F0AF5F-F9F4-36AD-B95E-5F979A4F5990} = {44F0AF5F-F9F4-36AD-B95E-5F979A4F5990}
		{91E3775F-2EAA-3B04-B516-A2C93460611C} = {91E3775F-2EAA-3B04-B516-A2C93460611C}
	EndProjectSection
EndProject
Project("{8BC9CEB8-8B4A-11D0-8D11-00A0C91BC942}") = "monitors", "tests\monitors.vcxproj", "{74D1BECC-B050-337A-AB2D-D0EF00765AC4}"
	ProjectSection(ProjectDependencies) = postProject
		{44F0AF5F-F9F4-36AD-B95E-5F979A4F5990} = {44F0AF5F-F9F4-36AD-B95E-5F979A4F5990}
		{91E3775F-2EAA-3B04-B516-A2C93460611C} = {91E3775F-2EAA-3B04-B516-A2C93460611C}
	EndProjectSection
EndProject
Project("{8BC9CEB8-8B4A-11D0-8D11-00A0C91BC942}") = "msaa", "tests\msaa.vcxproj", "{FCA14655-D7D3-301D-8C67-F8B4F69E5FB5}"
	ProjectSection(ProjectDependencies) = postProject
		{44F0AF5F-F9F4-36AD-B95E-5F979A4F5990} = {44F0AF5F-F9F4-36AD-B95E-5F979A4F5990}
		{91E3775F-2EAA-3B04-B516-A2C93460611C} = {91E3775F-2EAA-3B04-B516-A2C93460611C}
	EndProjectSection
EndProject
Project("{8BC9CEB8-8B4A-11D0-8D11-00A0C91BC942}") = "offscreen", "examples\offscreen.vcxproj", "{3E9307D1-12EB-35BF-8C06-FAA9F31B3307}"
	ProjectSection(ProjectDependencies) = postProject
		{44F0AF5F-F9F4-36AD-B95E-5F979A4F5990} = {44F0AF5F-F9F4-36AD-B95E-5F979A4F5990}
		{91E3775F-2EAA-3B04-B516-A2C93460611C} = {91E3775F-2EAA-3B04-B516-A2C93460611C}
	EndProjectSection
EndProject
Project("{8BC9CEB8-8B4A-11D0-8D11-00A0C91BC942}") = "opacity", "tests\opacity.vcxproj", "{45C178A6-1554-305A-8DCC-E74F5E198AD9}"
	ProjectSection(ProjectDependencies) = postProject
		{44F0AF5F-F9F4-36AD-B95E-5F979A4F5990} = {44F0AF5F-F9F4-36AD-B95E-5F979A4F5990}
		{91E3775F-2EAA-3B04-B516-A2C93460611C} = {91E3775F-2EAA-3B04-B516-A2C93460611C}
	EndProjectSection
EndProject
Project("{8BC9CEB8-8B4A-11D0-8D11-00A0C91BC942}") = "particles", "examples\particles.vcxproj", "{D96B9667-F6D9-3233-BDF6-F95F1F3C89A5}"
	ProjectSection(ProjectDependencies) = postProject
		{44F0AF5F-F9F4-36AD-B95E-5F979A4F5990} = {44F0AF5F-F9F4-36AD-B95E-5F979A4F5990}
		{91E3775F-2EAA-3B04-B516-A2C93460611C} = {91E3775F-2EAA-3B04-B516-A2C93460611C}
	EndProjectSection
EndProject
Project("{8BC9CEB8-8B4A-11D0-8D11-00A0C91BC942}") = "reopen", "tests\reopen.vcxproj", "{C10945E9-3C6D-3881-83A2-C9D82D8841C1}"
	ProjectSection(ProjectDependencies) = postProject
		{44F0AF5F-F9F4-36AD-B95E-5F979A4F5990} = {44F0AF5F-F9F4-36AD-B95E-5F979A4F5990}
		{91E3775F-2EAA-3B04-B516-A2C93460611C} = {91E3775F-2EAA-3B04-B516-A2C93460611C}
	EndProjectSection
EndProject
Project("{8BC9CEB8-8B4A-11D0-8D11-00A0C91BC942}") = "sharing", "examples\sharing.vcxproj", "{8D175876-A004-32EA-A432-68880CF10489}"
	ProjectSection(ProjectDependencies) = postProject
		{44F0AF5F-F9F4-36AD-B95E-5F979A4F5990} = {44F0AF5F-F9F4-36AD-B95E-5F979A4F5990}
		{91E3775F-2EAA-3B04-B516-A2C93460611C} = {91E3775F-2EAA-3B04-B516-A2C93460611C}
	EndProjectSection
EndProject
Project("{8BC9CEB8-8B4A-11D0-8D11-00A0C91BC942}") = "simple", "examples\simple.vcxproj", "{3CA6968F-9045-38BA-A81F-810F38F79E51}"
	ProjectSection(ProjectDependencies) = postProject
		{44F0AF5F-F9F4-36AD-B95E-5F979A4F5990} = {44F0AF5F-F9F4-36AD-B95E-5F979A4F5990}
		{91E3775F-2EAA-3B04-B516-A2C93460611C} = {91E3775F-2EAA-3B04-B516-A2C93460611C}
	EndProjectSection
EndProject
Project("{8BC9CEB8-8B4A-11D0-8D11-00A0C91BC942}") = "splitview", "examples\splitview.vcxproj", "{4305C878-0F6A-33D9-8AB7-928649B19A0E}"
	ProjectSection(ProjectDependencies) = postProject
		{44F0AF5F-F9F4-36AD-B95E-5F979A4F5990} = {44F0AF5F-F9F4-36AD-B95E-5F979A4F5990}
		{91E3775F-2EAA-3B04-B516-A2C93460611C} = {91E3775F-2EAA-3B04-B516-A2C93460611C}
	EndProjectSection
EndProject
Project("{8BC9CEB8-8B4A-11D0-8D11-00A0C91BC942}") = "tearing", "tests\tearing.vcxproj", "{6EBBBC7F-DA07-3BFC-9918-6B6E05EB7806}"
	ProjectSection(ProjectDependencies) = postProject
		{44F0AF5F-F9F4-36AD-B95E-5F979A4F5990} = {44F0AF5F-F9F4-36AD-B95E-5F979A4F5990}
		{91E3775F-2EAA-3B04-B516-A2C93460611C} = {91E3775F-2EAA-3B04-B516-A2C93460611C}
	EndProjectSection
EndProject
Project("{8BC9CEB8-8B4A-11D0-8D11-00A0C91BC942}") = "threads", "tests\threads.vcxproj", "{5D1A69AB-A3A9-3D95-A225-790E0614146B}"
	ProjectSection(ProjectDependencies) = postProject
		{44F0AF5F-F9F4-36AD-B95E-5F979A4F5990} = {44F0AF5F-F9F4-36AD-B95E-5F979A4F5990}
		{91E3775F-2EAA-3B04-B516-A2C93460611C} = {91E3775F-2EAA-3B04-B516-A2C93460611C}
	EndProjectSection
EndProject
Project("{8BC9CEB8-8B4A-11D0-8D11-00A0C91BC942}") = "timeout", "tests\timeout.vcxproj", "{11E4F319-9B16-32F8-95C7-0DBDE93FFEC5}"
	ProjectSection(ProjectDependencies) = postProject
		{44F0AF5F-F9F4-36AD-B95E-5F979A4F5990} = {44F0AF5F-F9F4-36AD-B95E-5F979A4F5990}
		{91E3775F-2EAA-3B04-B516-A2C93460611C} = {91E3775F-2EAA-3B04-B516-A2C93460611C}
	EndProjectSection
EndProject
Project("{8BC9CEB8-8B4A-11D0-8D11-00A0C91BC942}") = "title", "tests\title.vcxproj", "{3F3EACE3-B477-36ED-A2AC-C904A2E8836C}"
	ProjectSection(ProjectDependencies) = postProject
		{44F0AF5F-F9F4-36AD-B95E-5F979A4F5990} = {44F0AF5F-F9F4-36AD-B95E-5F979A4F5990}
		{91E3775F-2EAA-3B04-B516-A2C93460611C} = {91E3775F-2EAA-3B04-B516-A2C93460611C}
	EndProjectSection
EndProject
Project("{8BC9CEB8-8B4A-11D0-8D11-00A0C91BC942}") = "triangle-vulkan", "tests\triangle-vulkan.vcxproj", "{A99DCFC4-ADD4-39D9-9F33-407D00C92691}"
	ProjectSection(ProjectDependencies) = postProject
		{44F0AF5F-F9F4-36AD-B95E-5F979A4F5990} = {44F0AF5F-F9F4-36AD-B95E-5F979A4F5990}
		{91E3775F-2EAA-3B04-B516-A2C93460611C} = {91E3775F-2EAA-3B04-B516-A2C93460611C}
	EndProjectSection
EndProject
Project("{8BC9CEB8-8B4A-11D0-8D11-00A0C91BC942}") = "uninstall", "uninstall.vcxproj", "{93C97928-020E-34AB-A83C-29017AD586AF}"
	ProjectSection(ProjectDependencies) = postProject
		{44F0AF5F-F9F4-36AD-B95E-5F979A4F5990} = {44F0AF5F-F9F4-36AD-B95E-5F979A4F5990}
	EndProjectSection
EndProject
Project("{8BC9CEB8-8B4A-11D0-8D11-00A0C91BC942}") = "wave", "examples\wave.vcxproj", "{0BBB0586-DB93-3478-B4EB-D45C4B090887}"
	ProjectSection(ProjectDependencies) = postProject
		{44F0AF5F-F9F4-36AD-B95E-5F979A4F5990} = {44F0AF5F-F9F4-36AD-B95E-5F979A4F5990}
		{91E3775F-2EAA-3B04-B516-A2C93460611C} = {91E3775F-2EAA-3B04-B516-A2C93460611C}
	EndProjectSection
EndProject
Project("{8BC9CEB8-8B4A-11D0-8D11-00A0C91BC942}") = "windows", "tests\windows.vcxproj", "{FAF3F681-E27D-33FC-9221-313D5F8F7AD0}"
	ProjectSection(ProjectDependencies) = postProject
		{44F0AF5F-F9F4-36AD-B95E-5F979A4F5990} = {44F0AF5F-F9F4-36AD-B95E-5F979A4F5990}
		{91E3775F-2EAA-3B04-B516-A2C93460611C} = {91E3775F-2EAA-3B04-B516-A2C93460611C}
	EndProjectSection
EndProject
Global
	GlobalSection(SolutionConfigurationPlatforms) = preSolution
		Debug|x64 = Debug|x64
		Release|x64 = Release|x64
		MinSizeRel|x64 = MinSizeRel|x64
		RelWithDebInfo|x64 = RelWithDebInfo|x64
	EndGlobalSection
	GlobalSection(ProjectConfigurationPlatforms) = postSolution
		{7DEA77FC-7B07-3D79-91FC-5F1976EBAD71}.Debug|x64.ActiveCfg = Debug|x64
		{7DEA77FC-7B07-3D79-91FC-5F1976EBAD71}.Debug|x64.Build.0 = Debug|x64
		{7DEA77FC-7B07-3D79-91FC-5F1976EBAD71}.Release|x64.ActiveCfg = Release|x64
		{7DEA77FC-7B07-3D79-91FC-5F1976EBAD71}.Release|x64.Build.0 = Release|x64
		{7DEA77FC-7B07-3D79-91FC-5F1976EBAD71}.MinSizeRel|x64.ActiveCfg = MinSizeRel|x64
		{7DEA77FC-7B07-3D79-91FC-5F1976EBAD71}.MinSizeRel|x64.Build.0 = MinSizeRel|x64
		{7DEA77FC-7B07-3D79-91FC-5F1976EBAD71}.RelWithDebInfo|x64.ActiveCfg = RelWithDebInfo|x64
		{7DEA77FC-7B07-3D79-91FC-5F1976EBAD71}.RelWithDebInfo|x64.Build.0 = RelWithDebInfo|x64
		{461731FF-F7CD-3569-8330-A07832E9A6C9}.Debug|x64.ActiveCfg = Debug|x64
		{461731FF-F7CD-3569-8330-A07832E9A6C9}.Release|x64.ActiveCfg = Release|x64
		{461731FF-F7CD-3569-8330-A07832E9A6C9}.MinSizeRel|x64.ActiveCfg = MinSizeRel|x64
		{461731FF-F7CD-3569-8330-A07832E9A6C9}.RelWithDebInfo|x64.ActiveCfg = RelWithDebInfo|x64
		{44F0AF5F-F9F4-36AD-B95E-5F979A4F5990}.Debug|x64.ActiveCfg = Debug|x64
		{44F0AF5F-F9F4-36AD-B95E-5F979A4F5990}.Debug|x64.Build.0 = Debug|x64
		{44F0AF5F-F9F4-36AD-B95E-5F979A4F5990}.Release|x64.ActiveCfg = Release|x64
		{44F0AF5F-F9F4-36AD-B95E-5F979A4F5990}.Release|x64.Build.0 = Release|x64
		{44F0AF5F-F9F4-36AD-B95E-5F979A4F5990}.MinSizeRel|x64.ActiveCfg = MinSizeRel|x64
		{44F0AF5F-F9F4-36AD-B95E-5F979A4F5990}.MinSizeRel|x64.Build.0 = MinSizeRel|x64
		{44F0AF5F-F9F4-36AD-B95E-5F979A4F5990}.RelWithDebInfo|x64.ActiveCfg = RelWithDebInfo|x64
		{44F0AF5F-F9F4-36AD-B95E-5F979A4F5990}.RelWithDebInfo|x64.Build.0 = RelWithDebInfo|x64
		{0ED71D3D-CB40-3B50-BF25-A4DF1746C006}.Debug|x64.ActiveCfg = Debug|x64
		{0ED71D3D-CB40-3B50-BF25-A4DF1746C006}.Debug|x64.Build.0 = Debug|x64
		{0ED71D3D-CB40-3B50-BF25-A4DF1746C006}.Release|x64.ActiveCfg = Release|x64
		{0ED71D3D-CB40-3B50-BF25-A4DF1746C006}.Release|x64.Build.0 = Release|x64
		{0ED71D3D-CB40-3B50-BF25-A4DF1746C006}.MinSizeRel|x64.ActiveCfg = MinSizeRel|x64
		{0ED71D3D-CB40-3B50-BF25-A4DF1746C006}.MinSizeRel|x64.Build.0 = MinSizeRel|x64
		{0ED71D3D-CB40-3B50-BF25-A4DF1746C006}.RelWithDebInfo|x64.ActiveCfg = RelWithDebInfo|x64
		{0ED71D3D-CB40-3B50-BF25-A4DF1746C006}.RelWithDebInfo|x64.Build.0 = RelWithDebInfo|x64
		{CA7692DE-D2E9-3A09-BDEF-BB0BF5E6424B}.Debug|x64.ActiveCfg = Debug|x64
		{CA7692DE-D2E9-3A09-BDEF-BB0BF5E6424B}.Debug|x64.Build.0 = Debug|x64
		{CA7692DE-D2E9-3A09-BDEF-BB0BF5E6424B}.Release|x64.ActiveCfg = Release|x64
		{CA7692DE-D2E9-3A09-BDEF-BB0BF5E6424B}.Release|x64.Build.0 = Release|x64
		{CA7692DE-D2E9-3A09-BDEF-BB0BF5E6424B}.MinSizeRel|x64.ActiveCfg = MinSizeRel|x64
		{CA7692DE-D2E9-3A09-BDEF-BB0BF5E6424B}.MinSizeRel|x64.Build.0 = MinSizeRel|x64
		{CA7692DE-D2E9-3A09-BDEF-BB0BF5E6424B}.RelWithDebInfo|x64.ActiveCfg = RelWithDebInfo|x64
		{CA7692DE-D2E9-3A09-BDEF-BB0BF5E6424B}.RelWithDebInfo|x64.Build.0 = RelWithDebInfo|x64
		{8046296F-5BF3-364C-B537-354B9D85404B}.Debug|x64.ActiveCfg = Debug|x64
		{8046296F-5BF3-364C-B537-354B9D85404B}.Debug|x64.Build.0 = Debug|x64
		{8046296F-5BF3-364C-B537-354B9D85404B}.Release|x64.ActiveCfg = Release|x64
		{8046296F-5BF3-364C-B537-354B9D85404B}.Release|x64.Build.0 = Release|x64
		{8046296F-5BF3-364C-B537-354B9D85404B}.MinSizeRel|x64.ActiveCfg = MinSizeRel|x64
		{8046296F-5BF3-364C-B537-354B9D85404B}.MinSizeRel|x64.Build.0 = MinSizeRel|x64
		{8046296F-5BF3-364C-B537-354B9D85404B}.RelWithDebInfo|x64.ActiveCfg = RelWithDebInfo|x64
		{8046296F-5BF3-364C-B537-354B9D85404B}.RelWithDebInfo|x64.Build.0 = RelWithDebInfo|x64
		{6E54D792-9B10-3047-9779-95E158BCC169}.Debug|x64.ActiveCfg = Debug|x64
		{6E54D792-9B10-3047-9779-95E158BCC169}.Debug|x64.Build.0 = Debug|x64
		{6E54D792-9B10-3047-9779-95E158BCC169}.Release|x64.ActiveCfg = Release|x64
		{6E54D792-9B10-3047-9779-95E158BCC169}.Release|x64.Build.0 = Release|x64
		{6E54D792-9B10-3047-9779-95E158BCC169}.MinSizeRel|x64.ActiveCfg = MinSizeRel|x64
		{6E54D792-9B10-3047-9779-95E158BCC169}.MinSizeRel|x64.Build.0 = MinSizeRel|x64
		{6E54D792-9B10-3047-9779-95E158BCC169}.RelWithDebInfo|x64.ActiveCfg = RelWithDebInfo|x64
		{6E54D792-9B10-3047-9779-95E158BCC169}.RelWithDebInfo|x64.Build.0 = RelWithDebInfo|x64
		{86E6C2CE-A6DC-3889-B73C-310B625B23E9}.Debug|x64.ActiveCfg = Debug|x64
		{86E6C2CE-A6DC-3889-B73C-310B625B23E9}.Debug|x64.Build.0 = Debug|x64
		{86E6C2CE-A6DC-3889-B73C-310B625B23E9}.Release|x64.ActiveCfg = Release|x64
		{86E6C2CE-A6DC-3889-B73C-310B625B23E9}.Release|x64.Build.0 = Release|x64
		{86E6C2CE-A6DC-3889-B73C-310B625B23E9}.MinSizeRel|x64.ActiveCfg = MinSizeRel|x64
		{86E6C2CE-A6DC-3889-B73C-310B625B23E9}.MinSizeRel|x64.Build.0 = MinSizeRel|x64
		{86E6C2CE-A6DC-3889-B73C-310B625B23E9}.RelWithDebInfo|x64.ActiveCfg = RelWithDebInfo|x64
		{86E6C2CE-A6DC-3889-B73C-310B625B23E9}.RelWithDebInfo|x64.Build.0 = RelWithDebInfo|x64
		{7BD7ADEB-00F3-3E52-AE0A-965596DDD1BD}.Debug|x64.ActiveCfg = Debug|x64
		{7BD7ADEB-00F3-3E52-AE0A-965596DDD1BD}.Debug|x64.Build.0 = Debug|x64
		{7BD7ADEB-00F3-3E52-AE0A-965596DDD1BD}.Release|x64.ActiveCfg = Release|x64
		{7BD7ADEB-00F3-3E52-AE0A-965596DDD1BD}.Release|x64.Build.0 = Release|x64
		{7BD7ADEB-00F3-3E52-AE0A-965596DDD1BD}.MinSizeRel|x64.ActiveCfg = MinSizeRel|x64
		{7BD7ADEB-00F3-3E52-AE0A-965596DDD1BD}.MinSizeRel|x64.Build.0 = MinSizeRel|x64
		{7BD7ADEB-00F3-3E52-AE0A-965596DDD1BD}.RelWithDebInfo|x64.ActiveCfg = RelWithDebInfo|x64
		{7BD7ADEB-00F3-3E52-AE0A-965596DDD1BD}.RelWithDebInfo|x64.Build.0 = RelWithDebInfo|x64
		{FA9D91B9-1E68-30CF-A99F-30EF351DEC06}.Debug|x64.ActiveCfg = Debug|x64
		{FA9D91B9-1E68-30CF-A99F-30EF351DEC06}.Debug|x64.Build.0 = Debug|x64
		{FA9D91B9-1E68-30CF-A99F-30EF351DEC06}.Release|x64.ActiveCfg = Release|x64
		{FA9D91B9-1E68-30CF-A99F-30EF351DEC06}.Release|x64.Build.0 = Release|x64
		{FA9D91B9-1E68-30CF-A99F-30EF351DEC06}.MinSizeRel|x64.ActiveCfg = MinSizeRel|x64
		{FA9D91B9-1E68-30CF-A99F-30EF351DEC06}.MinSizeRel|x64.Build.0 = MinSizeRel|x64
		{FA9D91B9-1E68-30CF-A99F-30EF351DEC06}.RelWithDebInfo|x64.ActiveCfg = RelWithDebInfo|x64
		{FA9D91B9-1E68-30CF-A99F-30EF351DEC06}.RelWithDebInfo|x64.Build.0 = RelWithDebInfo|x64
		{91E3775F-2EAA-3B04-B516-A2C93460611C}.Debug|x64.ActiveCfg = Debug|x64
		{91E3775F-2EAA-3B04-B516-A2C93460611C}.Debug|x64.Build.0 = Debug|x64
		{91E3775F-2EAA-3B04-B516-A2C93460611C}.Release|x64.ActiveCfg = Release|x64
		{91E3775F-2EAA-3B04-B516-A2C93460611C}.Release|x64.Build.0 = Release|x64
		{91E3775F-2EAA-3B04-B516-A2C93460611C}.MinSizeRel|x64.ActiveCfg = MinSizeRel|x64
		{91E3775F-2EAA-3B04-B516-A2C93460611C}.MinSizeRel|x64.Build.0 = MinSizeRel|x64
		{91E3775F-2EAA-3B04-B516-A2C93460611C}.RelWithDebInfo|x64.ActiveCfg = RelWithDebInfo|x64
		{91E3775F-2EAA-3B04-B516-A2C93460611C}.RelWithDebInfo|x64.Build.0 = RelWithDebInfo|x64
		{76ABC007-5DC9-391B-B673-2FBF9996BFE9}.Debug|x64.ActiveCfg = Debug|x64
		{76ABC007-5DC9-391B-B673-2FBF9996BFE9}.Debug|x64.Build.0 = Debug|x64
		{76ABC007-5DC9-391B-B673-2FBF9996BFE9}.Release|x64.ActiveCfg = Release|x64
		{76ABC007-5DC9-391B-B673-2FBF9996BFE9}.Release|x64.Build.0 = Release|x64
		{76ABC007-5DC9-391B-B673-2FBF9996BFE9}.MinSizeRel|x64.ActiveCfg = MinSizeRel|x64
		{76ABC007-5DC9-391B-B673-2FBF9996BFE9}.MinSizeRel|x64.Build.0 = MinSizeRel|x64
		{76ABC007-5DC9-391B-B673-2FBF9996BFE9}.RelWithDebInfo|x64.ActiveCfg = RelWithDebInfo|x64
		{76ABC007-5DC9-391B-B673-2FBF9996BFE9}.RelWithDebInfo|x64.Build.0 = RelWithDebInfo|x64
		{C3AB4264-6B02-3E5E-B6EF-A12ED7F35BC3}.Debug|x64.ActiveCfg = Debug|x64
		{C3AB4264-6B02-3E5E-B6EF-A12ED7F35BC3}.Debug|x64.Build.0 = Debug|x64
		{C3AB4264-6B02-3E5E-B6EF-A12ED7F35BC3}.Release|x64.ActiveCfg = Release|x64
		{C3AB4264-6B02-3E5E-B6EF-A12ED7F35BC3}.Release|x64.Build.0 = Release|x64
		{C3AB4264-6B02-3E5E-B6EF-A12ED7F35BC3}.MinSizeRel|x64.ActiveCfg = MinSizeRel|x64
		{C3AB4264-6B02-3E5E-B6EF-A12ED7F35BC3}.MinSizeRel|x64.Build.0 = MinSizeRel|x64
		{C3AB4264-6B02-3E5E-B6EF-A12ED7F35BC3}.RelWithDebInfo|x64.ActiveCfg = RelWithDebInfo|x64
		{C3AB4264-6B02-3E5E-B6EF-A12ED7F35BC3}.RelWithDebInfo|x64.Build.0 = RelWithDebInfo|x64
		{45A3A9C6-F400-33A9-8FCD-548D8179463E}.Debug|x64.ActiveCfg = Debug|x64
		{45A3A9C6-F400-33A9-8FCD-548D8179463E}.Debug|x64.Build.0 = Debug|x64
		{45A3A9C6-F400-33A9-8FCD-548D8179463E}.Release|x64.ActiveCfg = Release|x64
		{45A3A9C6-F400-33A9-8FCD-548D8179463E}.Release|x64.Build.0 = Release|x64
		{45A3A9C6-F400-33A9-8FCD-548D8179463E}.MinSizeRel|x64.ActiveCfg = MinSizeRel|x64
		{45A3A9C6-F400-33A9-8FCD-548D8179463E}.MinSizeRel|x64.Build.0 = MinSizeRel|x64
		{45A3A9C6-F400-33A9-8FCD-548D8179463E}.RelWithDebInfo|x64.ActiveCfg = RelWithDebInfo|x64
		{45A3A9C6-F400-33A9-8FCD-548D8179463E}.RelWithDebInfo|x64.Build.0 = RelWithDebInfo|x64
		{6084C0A6-2D5E-327E-B291-6E5CED466D97}.Debug|x64.ActiveCfg = Debug|x64
		{6084C0A6-2D5E-327E-B291-6E5CED466D97}.Debug|x64.Build.0 = Debug|x64
		{6084C0A6-2D5E-327E-B291-6E5CED466D97}.Release|x64.ActiveCfg = Release|x64
		{6084C0A6-2D5E-327E-B291-6E5CED466D97}.Release|x64.Build.0 = Release|x64
		{6084C0A6-2D5E-327E-B291-6E5CED466D97}.MinSizeRel|x64.ActiveCfg = MinSizeRel|x64
		{6084C0A6-2D5E-327E-B291-6E5CED466D97}.MinSizeRel|x64.Build.0 = MinSizeRel|x64
		{6084C0A6-2D5E-327E-B291-6E5CED466D97}.RelWithDebInfo|x64.ActiveCfg = RelWithDebInfo|x64
		{6084C0A6-2D5E-327E-B291-6E5CED466D97}.RelWithDebInfo|x64.Build.0 = RelWithDebInfo|x64
		{1B1E3EC2-ECB3-3C6D-A0AE-275A218E8B50}.Debug|x64.ActiveCfg = Debug|x64
		{1B1E3EC2-ECB3-3C6D-A0AE-275A218E8B50}.Debug|x64.Build.0 = Debug|x64
		{1B1E3EC2-ECB3-3C6D-A0AE-275A218E8B50}.Release|x64.ActiveCfg = Release|x64
		{1B1E3EC2-ECB3-3C6D-A0AE-275A218E8B50}.Release|x64.Build.0 = Release|x64
		{1B1E3EC2-ECB3-3C6D-A0AE-275A218E8B50}.MinSizeRel|x64.ActiveCfg = MinSizeRel|x64
		{1B1E3EC2-ECB3-3C6D-A0AE-275A218E8B50}.MinSizeRel|x64.Build.0 = MinSizeRel|x64
		{1B1E3EC2-ECB3-3C6D-A0AE-275A218E8B50}.RelWithDebInfo|x64.ActiveCfg = RelWithDebInfo|x64
		{1B1E3EC2-ECB3-3C6D-A0AE-275A218E8B50}.RelWithDebInfo|x64.Build.0 = RelWithDebInfo|x64
		{C75A99B9-BD9F-39DC-80AE-D8A4322AC860}.Debug|x64.ActiveCfg = Debug|x64
		{C75A99B9-BD9F-39DC-80AE-D8A4322AC860}.Debug|x64.Build.0 = Debug|x64
		{C75A99B9-BD9F-39DC-80AE-D8A4322AC860}.Release|x64.ActiveCfg = Release|x64
		{C75A99B9-BD9F-39DC-80AE-D8A4322AC860}.Release|x64.Build.0 = Release|x64
		{C75A99B9-BD9F-39DC-80AE-D8A4322AC860}.MinSizeRel|x64.ActiveCfg = MinSizeRel|x64
		{C75A99B9-BD9F-39DC-80AE-D8A4322AC860}.MinSizeRel|x64.Build.0 = MinSizeRel|x64
		{C75A99B9-BD9F-39DC-80AE-D8A4322AC860}.RelWithDebInfo|x64.ActiveCfg = RelWithDebInfo|x64
		{C75A99B9-BD9F-39DC-80AE-D8A4322AC860}.RelWithDebInfo|x64.Build.0 = RelWithDebInfo|x64
		{74D1BECC-B050-337A-AB2D-D0EF00765AC4}.Debug|x64.ActiveCfg = Debug|x64
		{74D1BECC-B050-337A-AB2D-D0EF00765AC4}.Debug|x64.Build.0 = Debug|x64
		{74D1BECC-B050-337A-AB2D-D0EF00765AC4}.Release|x64.ActiveCfg = Release|x64
		{74D1BECC-B050-337A-AB2D-D0EF00765AC4}.Release|x64.Build.0 = Release|x64
		{74D1BECC-B050-337A-AB2D-D0EF00765AC4}.MinSizeRel|x64.ActiveCfg = MinSizeRel|x64
		{74D1BECC-B050-337A-AB2D-D0EF00765AC4}.MinSizeRel|x64.Build.0 = MinSizeRel|x64
		{74D1BECC-B050-337A-AB2D-D0EF00765AC4}.RelWithDebInfo|x64.ActiveCfg = RelWithDebInfo|x64
		{74D1BECC-B050-337A-AB2D-D0EF00765AC4}.RelWithDebInfo|x64.Build.0 = RelWithDebInfo|x64
		{FCA14655-D7D3-301D-8C67-F8B4F69E5FB5}.Debug|x64.ActiveCfg = Debug|x64
		{FCA14655-D7D3-301D-8C67-F8B4F69E5FB5}.Debug|x64.Build.0 = Debug|x64
		{FCA14655-D7D3-301D-8C67-F8B4F69E5FB5}.Release|x64.ActiveCfg = Release|x64
		{FCA14655-D7D3-301D-8C67-F8B4F69E5FB5}.Release|x64.Build.0 = Release|x64
		{FCA14655-D7D3-301D-8C67-F8B4F69E5FB5}.MinSizeRel|x64.ActiveCfg = MinSizeRel|x64
		{FCA14655-D7D3-301D-8C67-F8B4F69E5FB5}.MinSizeRel|x64.Build.0 = MinSizeRel|x64
		{FCA14655-D7D3-301D-8C67-F8B4F69E5FB5}.RelWithDebInfo|x64.ActiveCfg = RelWithDebInfo|x64
		{FCA14655-D7D3-301D-8C67-F8B4F69E5FB5}.RelWithDebInfo|x64.Build.0 = RelWithDebInfo|x64
		{3E9307D1-12EB-35BF-8C06-FAA9F31B3307}.Debug|x64.ActiveCfg = Debug|x64
		{3E9307D1-12EB-35BF-8C06-FAA9F31B3307}.Debug|x64.Build.0 = Debug|x64
		{3E9307D1-12EB-35BF-8C06-FAA9F31B3307}.Release|x64.ActiveCfg = Release|x64
		{3E9307D1-12EB-35BF-8C06-FAA9F31B3307}.Release|x64.Build.0 = Release|x64
		{3E9307D1-12EB-35BF-8C06-FAA9F31B3307}.MinSizeRel|x64.ActiveCfg = MinSizeRel|x64
		{3E9307D1-12EB-35BF-8C06-FAA9F31B3307}.MinSizeRel|x64.Build.0 = MinSizeRel|x64
		{3E9307D1-12EB-35BF-8C06-FAA9F31B3307}.RelWithDebInfo|x64.ActiveCfg = RelWithDebInfo|x64
		{3E9307D1-12EB-35BF-8C06-FAA9F31B3307}.RelWithDebInfo|x64.Build.0 = RelWithDebInfo|x64
		{45C178A6-1554-305A-8DCC-E74F5E198AD9}.Debug|x64.ActiveCfg = Debug|x64
		{45C178A6-1554-305A-8DCC-E74F5E198AD9}.Debug|x64.Build.0 = Debug|x64
		{45C178A6-1554-305A-8DCC-E74F5E198AD9}.Release|x64.ActiveCfg = Release|x64
		{45C178A6-1554-305A-8DCC-E74F5E198AD9}.Release|x64.Build.0 = Release|x64
		{45C178A6-1554-305A-8DCC-E74F5E198AD9}.MinSizeRel|x64.ActiveCfg = MinSizeRel|x64
		{45C178A6-1554-305A-8DCC-E74F5E198AD9}.MinSizeRel|x64.Build.0 = MinSizeRel|x64
		{45C178A6-1554-305A-8DCC-E74F5E198AD9}.RelWithDebInfo|x64.ActiveCfg = RelWithDebInfo|x64
		{45C178A6-1554-305A-8DCC-E74F5E198AD9}.RelWithDebInfo|x64.Build.0 = RelWithDebInfo|x64
		{D96B9667-F6D9-3233-BDF6-F95F1F3C89A5}.Debug|x64.ActiveCfg = Debug|x64
		{D96B9667-F6D9-3233-BDF6-F95F1F3C89A5}.Debug|x64.Build.0 = Debug|x64
		{D96B9667-F6D9-3233-BDF6-F95F1F3C89A5}.Release|x64.ActiveCfg = Release|x64
		{D96B9667-F6D9-3233-BDF6-F95F1F3C89A5}.Release|x64.Build.0 = Release|x64
		{D96B9667-F6D9-3233-BDF6-F95F1F3C89A5}.MinSizeRel|x64.ActiveCfg = MinSizeRel|x64
		{D96B9667-F6D9-3233-BDF6-F95F1F3C89A5}.MinSizeRel|x64.Build.0 = MinSizeRel|x64
		{D96B9667-F6D9-3233-BDF6-F95F1F3C89A5}.RelWithDebInfo|x64.ActiveCfg = RelWithDebInfo|x64
		{D96B9667-F6D9-3233-BDF6-F95F1F3C89A5}.RelWithDebInfo|x64.Build.0 = RelWithDebInfo|x64
		{C10945E9-3C6D-3881-83A2-C9D82D8841C1}.Debug|x64.ActiveCfg = Debug|x64
		{C10945E9-3C6D-3881-83A2-C9D82D8841C1}.Debug|x64.Build.0 = Debug|x64
		{C10945E9-3C6D-3881-83A2-C9D82D8841C1}.Release|x64.ActiveCfg = Release|x64
		{C10945E9-3C6D-3881-83A2-C9D82D8841C1}.Release|x64.Build.0 = Release|x64
		{C10945E9-3C6D-3881-83A2-C9D82D8841C1}.MinSizeRel|x64.ActiveCfg = MinSizeRel|x64
		{C10945E9-3C6D-3881-83A2-C9D82D8841C1}.MinSizeRel|x64.Build.0 = MinSizeRel|x64
		{C10945E9-3C6D-3881-83A2-C9D82D8841C1}.RelWithDebInfo|x64.ActiveCfg = RelWithDebInfo|x64
		{C10945E9-3C6D-3881-83A2-C9D82D8841C1}.RelWithDebInfo|x64.Build.0 = RelWithDebInfo|x64
		{8D175876-A004-32EA-A432-68880CF10489}.Debug|x64.ActiveCfg = Debug|x64
		{8D175876-A004-32EA-A432-68880CF10489}.Debug|x64.Build.0 = Debug|x64
		{8D175876-A004-32EA-A432-68880CF10489}.Release|x64.ActiveCfg = Release|x64
		{8D175876-A004-32EA-A432-68880CF10489}.Release|x64.Build.0 = Release|x64
		{8D175876-A004-32EA-A432-68880CF10489}.MinSizeRel|x64.ActiveCfg = MinSizeRel|x64
		{8D175876-A004-32EA-A432-68880CF10489}.MinSizeRel|x64.Build.0 = MinSizeRel|x64
		{8D175876-A004-32EA-A432-68880CF10489}.RelWithDebInfo|x64.ActiveCfg = RelWithDebInfo|x64
		{8D175876-A004-32EA-A432-68880CF10489}.RelWithDebInfo|x64.Build.0 = RelWithDebInfo|x64
		{3CA6968F-9045-38BA-A81F-810F38F79E51}.Debug|x64.ActiveCfg = Debug|x64
		{3CA6968F-9045-38BA-A81F-810F38F79E51}.Debug|x64.Build.0 = Debug|x64
		{3CA6968F-9045-38BA-A81F-810F38F79E51}.Release|x64.ActiveCfg = Release|x64
		{3CA6968F-9045-38BA-A81F-810F38F79E51}.Release|x64.Build.0 = Release|x64
		{3CA6968F-9045-38BA-A81F-810F38F79E51}.MinSizeRel|x64.ActiveCfg = MinSizeRel|x64
		{3CA6968F-9045-38BA-A81F-810F38F79E51}.MinSizeRel|x64.Build.0 = MinSizeRel|x64
		{3CA6968F-9045-38BA-A81F-810F38F79E51}.RelWithDebInfo|x64.ActiveCfg = RelWithDebInfo|x64
		{3CA6968F-9045-38BA-A81F-810F38F79E51}.RelWithDebInfo|x64.Build.0 = RelWithDebInfo|x64
		{4305C878-0F6A-33D9-8AB7-928649B19A0E}.Debug|x64.ActiveCfg = Debug|x64
		{4305C878-0F6A-33D9-8AB7-928649B19A0E}.Debug|x64.Build.0 = Debug|x64
		{4305C878-0F6A-33D9-8AB7-928649B19A0E}.Release|x64.ActiveCfg = Release|x64
		{4305C878-0F6A-33D9-8AB7-928649B19A0E}.Release|x64.Build.0 = Release|x64
		{4305C878-0F6A-33D9-8AB7-928649B19A0E}.MinSizeRel|x64.ActiveCfg = MinSizeRel|x64
		{4305C878-0F6A-33D9-8AB7-928649B19A0E}.MinSizeRel|x64.Build.0 = MinSizeRel|x64
		{4305C878-0F6A-33D9-8AB7-928649B19A0E}.RelWithDebInfo|x64.ActiveCfg = RelWithDebInfo|x64
		{4305C878-0F6A-33D9-8AB7-928649B19A0E}.RelWithDebInfo|x64.Build.0 = RelWithDebInfo|x64
		{6EBBBC7F-DA07-3BFC-9918-6B6E05EB7806}.Debug|x64.ActiveCfg = Debug|x64
		{6EBBBC7F-DA07-3BFC-9918-6B6E05EB7806}.Debug|x64.Build.0 = Debug|x64
		{6EBBBC7F-DA07-3BFC-9918-6B6E05EB7806}.Release|x64.ActiveCfg = Release|x64
		{6EBBBC7F-DA07-3BFC-9918-6B6E05EB7806}.Release|x64.Build.0 = Release|x64
		{6EBBBC7F-DA07-3BFC-9918-6B6E05EB7806}.MinSizeRel|x64.ActiveCfg = MinSizeRel|x64
		{6EBBBC7F-DA07-3BFC-9918-6B6E05EB7806}.MinSizeRel|x64.Build.0 = MinSizeRel|x64
		{6EBBBC7F-DA07-3BFC-9918-6B6E05EB7806}.RelWithDebInfo|x64.ActiveCfg = RelWithDebInfo|x64
		{6EBBBC7F-DA07-3BFC-9918-6B6E05EB7806}.RelWithDebInfo|x64.Build.0 = RelWithDebInfo|x64
		{5D1A69AB-A3A9-3D95-A225-790E0614146B}.Debug|x64.ActiveCfg = Debug|x64
		{5D1A69AB-A3A9-3D95-A225-790E0614146B}.Debug|x64.Build.0 = Debug|x64
		{5D1A69AB-A3A9-3D95-A225-790E0614146B}.Release|x64.ActiveCfg = Release|x64
		{5D1A69AB-A3A9-3D95-A225-790E0614146B}.Release|x64.Build.0 = Release|x64
		{5D1A69AB-A3A9-3D95-A225-790E0614146B}.MinSizeRel|x64.ActiveCfg = MinSizeRel|x64
		{5D1A69AB-A3A9-3D95-A225-790E0614146B}.MinSizeRel|x64.Build.0 = MinSizeRel|x64
		{5D1A69AB-A3A9-3D95-A225-790E0614146B}.RelWithDebInfo|x64.ActiveCfg = RelWithDebInfo|x64
		{5D1A69AB-A3A9-3D95-A225-790E0614146B}.RelWithDebInfo|x64.Build.0 = RelWithDebInfo|x64
		{11E4F319-9B16-32F8-95C7-0DBDE93FFEC5}.Debug|x64.ActiveCfg = Debug|x64
		{11E4F319-9B16-32F8-95C7-0DBDE93FFEC5}.Debug|x64.Build.0 = Debug|x64
		{11E4F319-9B16-32F8-95C7-0DBDE93FFEC5}.Release|x64.ActiveCfg = Release|x64
		{11E4F319-9B16-32F8-95C7-0DBDE93FFEC5}.Release|x64.Build.0 = Release|x64
		{11E4F319-9B16-32F8-95C7-0DBDE93FFEC5}.MinSizeRel|x64.ActiveCfg = MinSizeRel|x64
		{11E4F319-9B16-32F8-95C7-0DBDE93FFEC5}.MinSizeRel|x64.Build.0 = MinSizeRel|x64
		{11E4F319-9B16-32F8-95C7-0DBDE93FFEC5}.RelWithDebInfo|x64.ActiveCfg = RelWithDebInfo|x64
		{11E4F319-9B16-32F8-95C7-0DBDE93FFEC5}.RelWithDebInfo|x64.Build.0 = RelWithDebInfo|x64
		{3F3EACE3-B477-36ED-A2AC-C904A2E8836C}.Debug|x64.ActiveCfg = Debug|x64
		{3F3EACE3-B477-36ED-A2AC-C904A2E8836C}.Debug|x64.Build.0 = Debug|x64
		{3F3EACE3-B477-36ED-A2AC-C904A2E8836C}.Release|x64.ActiveCfg = Release|x64
		{3F3EACE3-B477-36ED-A2AC-C904A2E8836C}.Release|x64.Build.0 = Release|x64
		{3F3EACE3-B477-36ED-A2AC-C904A2E8836C}.MinSizeRel|x64.ActiveCfg = MinSizeRel|x64
		{3F3EACE3-B477-36ED-A2AC-C904A2E8836C}.MinSizeRel|x64.Build.0 = MinSizeRel|x64
		{3F3EACE3-B477-36ED-A2AC-C904A2E8836C}.RelWithDebInfo|x64.ActiveCfg = RelWithDebInfo|x64
		{3F3EACE3-B477-36ED-A2AC-C904A2E8836C}.RelWithDebInfo|x64.Build.0 = RelWithDebInfo|x64
		{A99DCFC4-ADD4-39D9-9F33-407D00C92691}.Debug|x64.ActiveCfg = Debug|x64
		{A99DCFC4-ADD4-39D9-9F33-407D00C92691}.Debug|x64.Build.0 = Debug|x64
		{A99DCFC4-ADD4-39D9-9F33-407D00C92691}.Release|x64.ActiveCfg = Release|x64
		{A99DCFC4-ADD4-39D9-9F33-407D00C92691}.Release|x64.Build.0 = Release|x64
		{A99DCFC4-ADD4-39D9-9F33-407D00C92691}.MinSizeRel|x64.ActiveCfg = MinSizeRel|x64
		{A99DCFC4-ADD4-39D9-9F33-407D00C92691}.MinSizeRel|x64.Build.0 = MinSizeRel|x64
		{A99DCFC4-ADD4-39D9-9F33-407D00C92691}.RelWithDebInfo|x64.ActiveCfg = RelWithDebInfo|x64
		{A99DCFC4-ADD4-39D9-9F33-407D00C92691}.RelWithDebInfo|x64.Build.0 = RelWithDebInfo|x64
		{93C97928-020E-34AB-A83C-29017AD586AF}.Debug|x64.ActiveCfg = Debug|x64
		{93C97928-020E-34AB-A83C-29017AD586AF}.Release|x64.ActiveCfg = Release|x64
		{93C97928-020E-34AB-A83C-29017AD586AF}.MinSizeRel|x64.ActiveCfg = MinSizeRel|x64
		{93C97928-020E-34AB-A83C-29017AD586AF}.RelWithDebInfo|x64.ActiveCfg = RelWithDebInfo|x64
		{0BBB0586-DB93-3478-B4EB-D45C4B090887}.Debug|x64.ActiveCfg = Debug|x64
		{0BBB0586-DB93-3478-B4EB-D45C4B090887}.Debug|x64.Build.0 = Debug|x64
		{0BBB0586-DB93-3478-B4EB-D45C4B090887}.Release|x64.ActiveCfg = Release|x64
		{0BBB0586-DB93-3478-B4EB-D45C4B090887}.Release|x64.Build.0 = Release|x64
		{0BBB0586-DB93-3478-B4EB-D45C4B090887}.MinSizeRel|x64.ActiveCfg = MinSizeRel|x64
		{0BBB0586-DB93-3478-B4EB-D45C4B090887}.MinSizeRel|x64.Build.0 = MinSizeRel|x64
		{0BBB0586-DB93-3478-B4EB-D45C4B090887}.RelWithDebInfo|x64.ActiveCfg = RelWithDebInfo|x64
		{0BBB0586-DB93-3478-B4EB-D45C4B090887}.RelWithDebInfo|x64.Build.0 = RelWithDebInfo|x64
		{FAF3F681-E27D-33FC-9221-313D5F8F7AD0}.Debug|x64.ActiveCfg = Debug|x64
		{FAF3F681-E27D-33FC-9221-313D5F8F7AD0}.Debug|x64.Build.0 = Debug|x64
		{FAF3F681-E27D-33FC-9221-313D5F8F7AD0}.Release|x64.ActiveCfg = Release|x64
		{FAF3F681-E27D-33FC-9221-313D5F8F7AD0}.Release|x64.Build.0 = Release|x64
		{FAF3F681-E27D-33FC-9221-313D5F8F7AD0}.MinSizeRel|x64.ActiveCfg = MinSizeRel|x64
		{FAF3F681-E27D-33FC-9221-313D5F8F7AD0}.MinSizeRel|x64.Build.0 = MinSizeRel|x64
		{FAF3F681-E27D-33FC-9221-313D5F8F7AD0}.RelWithDebInfo|x64.ActiveCfg = RelWithDebInfo|x64
		{FAF3F681-E27D-33FC-9221-313D5F8F7AD0}.RelWithDebInfo|x64.Build.0 = RelWithDebInfo|x64
	EndGlobalSection
	GlobalSection(NestedProjects) = preSolution
		{7DEA77FC-7B07-3D79-91FC-5F1976EBAD71} = {957C7F76-612D-3CB5-B724-A73D6E1BBB95}
		{461731FF-F7CD-3569-8330-A07832E9A6C9} = {957C7F76-612D-3CB5-B724-A73D6E1BBB95}
		{44F0AF5F-F9F4-36AD-B95E-5F979A4F5990} = {957C7F76-612D-3CB5-B724-A73D6E1BBB95}
		{4393E07A-328C-3C07-AF6C-E371D873BFD8} = {2E0C59AE-7BA9-331A-A425-03F4D0B95A62}
		{7E95F6F3-D724-382B-A486-70FEF6026611} = {2E0C59AE-7BA9-331A-A425-03F4D0B95A62}
		{91E3775F-2EAA-3B04-B516-A2C93460611C} = {2E0C59AE-7BA9-331A-A425-03F4D0B95A62}
		{93C97928-020E-34AB-A83C-29017AD586AF} = {2E0C59AE-7BA9-331A-A425-03F4D0B95A62}
		{0ED71D3D-CB40-3B50-BF25-A4DF1746C006} = {4393E07A-328C-3C07-AF6C-E371D873BFD8}
		{FA9D91B9-1E68-30CF-A99F-30EF351DEC06} = {4393E07A-328C-3C07-AF6C-E371D873BFD8}
		{C3AB4264-6B02-3E5E-B6EF-A12ED7F35BC3} = {4393E07A-328C-3C07-AF6C-E371D873BFD8}
		{3E9307D1-12EB-35BF-8C06-FAA9F31B3307} = {4393E07A-328C-3C07-AF6C-E371D873BFD8}
		{D96B9667-F6D9-3233-BDF6-F95F1F3C89A5} = {4393E07A-328C-3C07-AF6C-E371D873BFD8}
		{8D175876-A004-32EA-A432-68880CF10489} = {4393E07A-328C-3C07-AF6C-E371D873BFD8}
		{3CA6968F-9045-38BA-A81F-810F38F79E51} = {4393E07A-328C-3C07-AF6C-E371D873BFD8}
		{4305C878-0F6A-33D9-8AB7-928649B19A0E} = {4393E07A-328C-3C07-AF6C-E371D873BFD8}
		{0BBB0586-DB93-3478-B4EB-D45C4B090887} = {4393E07A-328C-3C07-AF6C-E371D873BFD8}
		{CA7692DE-D2E9-3A09-BDEF-BB0BF5E6424B} = {7E95F6F3-D724-382B-A486-70FEF6026611}
		{8046296F-5BF3-364C-B537-354B9D85404B} = {7E95F6F3-D724-382B-A486-70FEF6026611}
		{6E54D792-9B10-3047-9779-95E158BCC169} = {7E95F6F3-D724-382B-A486-70FEF6026611}
		{86E6C2CE-A6DC-3889-B73C-310B625B23E9} = {7E95F6F3-D724-382B-A486-70FEF6026611}
		{7BD7ADEB-00F3-3E52-AE0A-965596DDD1BD} = {7E95F6F3-D724-382B-A486-70FEF6026611}
		{76ABC007-5DC9-391B-B673-2FBF9996BFE9} = {7E95F6F3-D724-382B-A486-70FEF6026611}
		{45A3A9C6-F400-33A9-8FCD-548D8179463E} = {7E95F6F3-D724-382B-A486-70FEF6026611}
		{6084C0A6-2D5E-327E-B291-6E5CED466D97} = {7E95F6F3-D724-382B-A486-70FEF6026611}
		{1B1E3EC2-ECB3-3C6D-A0AE-275A218E8B50} = {7E95F6F3-D724-382B-A486-70FEF6026611}
		{C75A99B9-BD9F-39DC-80AE-D8A4322AC860} = {7E95F6F3-D724-382B-A486-70FEF6026611}
		{74D1BECC-B050-337A-AB2D-D0EF00765AC4} = {7E95F6F3-D724-382B-A486-70FEF6026611}
		{FCA14655-D7D3-301D-8C67-F8B4F69E5FB5} = {7E95F6F3-D724-382B-A486-70FEF6026611}
		{45C178A6-1554-305A-8DCC-E74F5E198AD9} = {7E95F6F3-D724-382B-A486-70FEF6026611}
		{C10945E9-3C6D-3881-83A2-C9D82D8841C1} = {7E95F6F3-D724-382B-A486-70FEF6026611}
		{6EBBBC7F-DA07-3BFC-9918-6B6E05EB7806} = {7E95F6F3-D724-382B-A486-70FEF6026611}
		{5D1A69AB-A3A9-3D95-A225-790E0614146B} = {7E95F6F3-D724-382B-A486-70FEF6026611}
		{11E4F319-9B16-32F8-95C7-0DBDE93FFEC5} = {7E95F6F3-D724-382B-A486-70FEF6026611}
		{3F3EACE3-B477-36ED-A2AC-C904A2E8836C} = {7E95F6F3-D724-382B-A486-70FEF6026611}
		{A99DCFC4-ADD4-39D9-9F33-407D00C92691} = {7E95F6F3-D724-382B-A486-70FEF6026611}
		{FAF3F681-E27D-33FC-9221-313D5F8F7AD0} = {7E95F6F3-D724-382B-A486-70FEF6026611}
	EndGlobalSection
	GlobalSection(ExtensibilityGlobals) = postSolution
		SolutionGuid = {CDE72323-B592-3671-9FD6-D3A7661A1F0F}
	EndGlobalSection
	GlobalSection(ExtensibilityAddIns) = postSolution
	EndGlobalSection
EndGlobal
