<?xml version="1.0" encoding="utf-8"?>
<Project ToolsVersion="16.0" xmlns="http://schemas.microsoft.com/developer/msbuild/2003">
  <ItemGroup>
    <CustomBuild Include="C:\Users\kunke\source\repos\Ipotrick\Spiel\Libraries\glfw-3.3.2\CMakeFiles\c7fb674033187b516d4f12dbd59df8e9\uninstall.rule">
      <Filter>CMake Rules</Filter>
    </CustomBuild>
    <CustomBuild Include="C:\Users\kunke\source\repos\Ipotrick\Spiel\Libraries\glfw-3.3.2\CMakeLists.txt" />
  </ItemGroup>
  <ItemGroup>
    <None Include="C:\Users\kunke\source\repos\Ipotrick\Spiel\Libraries\glfw-3.3.2\CMakeFiles\uninstall" />
  </ItemGroup>
  <ItemGroup>
    <Filter Include="CMake Rules">
      <UniqueIdentifier>{9B1DEDDB-0091-3660-8505-FA5824ACA06C}</UniqueIdentifier>
    </Filter>
  </ItemGroup>
</Project>
