<?xml version="1.0" encoding="utf-8"?>
<Project ToolsVersion="4.0" xmlns="http://schemas.microsoft.com/developer/msbuild/2003">
  <ItemGroup>
    <Filter Include="Quelldateien">
      <UniqueIdentifier>{4FC737F1-C7A5-4376-A066-2A32D752A2FF}</UniqueIdentifier>
      <Extensions>cpp;c;cc;cxx;def;odl;idl;hpj;bat;asm;asmx</Extensions>
    </Filter>
    <Filter Include="Headerdateien">
      <UniqueIdentifier>{93995380-89BD-4b04-88EB-625FBE52EBFB}</UniqueIdentifier>
      <Extensions>h;hh;hpp;hxx;hm;inl;inc;ipp;xsd</Extensions>
    </Filter>
    <Filter Include="Ressourcendateien">
      <UniqueIdentifier>{67DA6AB6-F800-4c08-8B7A-83BB121AAD01}</UniqueIdentifier>
      <Extensions>rc;ico;cur;bmp;dlg;rc2;rct;bin;rgs;gif;jpg;jpeg;jpe;resx;tiff;tif;png;wav;mfcribbon-ms</Extensions>
    </Filter>
    <Filter Include="_stbi">
      <UniqueIdentifier>{41d0503f-0ab4-475c-ada3-0170b6a27b2f}</UniqueIdentifier>
    </Filter>
    <Filter Include="_math">
      <UniqueIdentifier>{7c1b4701-56b3-4db5-8736-770ce17348be}</UniqueIdentifier>
    </Filter>
    <Filter Include="_Engine">
      <UniqueIdentifier>{982f06a6-d1e0-4368-bcee-f69b45d24c20}</UniqueIdentifier>
    </Filter>
    <Filter Include="_Engine\_Component">
      <UniqueIdentifier>{891a6c25-5afe-4008-8fb8-75aca9aa799f}</UniqueIdentifier>
    </Filter>
    <Filter Include="_Engine\_Executors">
      <UniqueIdentifier>{1c16b84b-8a9c-4e7d-bfb4-14ba9c429120}</UniqueIdentifier>
    </Filter>
    <Filter Include="_Engine\_Physics">
      <UniqueIdentifier>{70648b4a-dee6-4dfa-81c0-4f69d61be49b}</UniqueIdentifier>
    </Filter>
    <Filter Include="_Engine\_Rendering">
      <UniqueIdentifier>{8105babe-c711-49ff-a49d-160139bfc316}</UniqueIdentifier>
    </Filter>
    <Filter Include="_Engine\_UI">
      <UniqueIdentifier>{04555f50-28a1-4672-8acd-b672ae173589}</UniqueIdentifier>
    </Filter>
    <Filter Include="_Engine\_Collision">
      <UniqueIdentifier>{af4549b1-e840-49f3-be88-0a5b9e8721f0}</UniqueIdentifier>
    </Filter>
    <Filter Include="_Engine\_IO">
      <UniqueIdentifier>{1389f8ae-44f9-42d1-8125-c1cccaef4dec}</UniqueIdentifier>
    </Filter>
    <Filter Include="_Engine\_UI\Elements">
      <UniqueIdentifier>{799c118d-0ce7-44a5-86d3-f7999f5d9fa1}</UniqueIdentifier>
    </Filter>
    <Filter Include="_Engine\_UI\BaseClasses">
      <UniqueIdentifier>{324d3ffe-29fe-40b5-a539-5378e40a24cb}</UniqueIdentifier>
    </Filter>
    <Filter Include="_Engine\_Rendering\_shader">
      <UniqueIdentifier>{221f6693-8e62-409c-a419-b742859bb778}</UniqueIdentifier>
    </Filter>
    <Filter Include="_Engine\_Core">
      <UniqueIdentifier>{abeb544c-550b-40d3-a9c9-acbd97127f91}</UniqueIdentifier>
    </Filter>
    <Filter Include="_Engine\_UI\utility">
      <UniqueIdentifier>{a58c2ada-7193-4c83-b0ee-2dd55853a80c}</UniqueIdentifier>
    </Filter>
    <Filter Include="serialization">
      <UniqueIdentifier>{9de1c8d4-f0a8-4b9e-8bd3-acf12988115d}</UniqueIdentifier>
    </Filter>
  </ItemGroup>
  <ItemGroup>
    <ClInclude Include="..\Libraries\stb_image\stb_image.h">
      <Filter>_stbi</Filter>
    </ClInclude>
    <ClInclude Include="src\fileUtility.h">
      <Filter>Headerdateien</Filter>
    </ClInclude>
    <ClInclude Include="src\CacheAABBJob.hpp">
      <Filter>_Engine\_Collision</Filter>
    </ClInclude>
    <ClInclude Include="src\PushoutCalcJob.hpp">
      <Filter>_Engine\_Physics</Filter>
    </ClInclude>
    <ClInclude Include="src\collision_detection.hpp">
      <Filter>_Engine\_Collision</Filter>
    </ClInclude>
    <ClInclude Include="src\CollisionCheckJob.hpp">
      <Filter>_Engine\_Collision</Filter>
    </ClInclude>
    <ClInclude Include="src\CollisionSystem.hpp">
      <Filter>_Engine\_Collision</Filter>
    </ClInclude>
    <ClInclude Include="src\QuadTree.hpp">
      <Filter>_Engine\_Collision</Filter>
    </ClInclude>
    <ClInclude Include="src\CoreComponents.hpp">
      <Filter>_Engine\_Component</Filter>
    </ClInclude>
    <ClInclude Include="src\CoreSystemUniforms.hpp">
      <Filter>_Engine\_Component</Filter>
    </ClInclude>
    <ClInclude Include="src\EntityComponentManager.hpp">
      <Filter>_Engine\_Component</Filter>
    </ClInclude>
    <ClInclude Include="src\EntityComponentStorage.hpp">
      <Filter>_Engine\_Component</Filter>
    </ClInclude>
    <ClInclude Include="src\World.hpp">
      <Filter>_Engine\_Component</Filter>
    </ClInclude>
    <ClInclude Include="src\CoreSystem.hpp">
      <Filter>_Engine\_Executors</Filter>
    </ClInclude>
    <ClInclude Include="src\GameSystem.hpp">
      <Filter>_Engine\_Executors</Filter>
    </ClInclude>
    <ClInclude Include="src\Script.hpp">
      <Filter>_Engine\_Executors</Filter>
    </ClInclude>
    <ClInclude Include="src\Physics.hpp">
      <Filter>_Engine\_Physics</Filter>
    </ClInclude>
    <ClInclude Include="src\PhysicsSystem.hpp">
      <Filter>_Engine\_Physics</Filter>
    </ClInclude>
    <ClInclude Include="src\PhysicsTypes.hpp">
      <Filter>_Engine\_Physics</Filter>
    </ClInclude>
    <ClInclude Include="src\Camera.hpp">
      <Filter>_Engine\_Rendering</Filter>
    </ClInclude>
    <ClInclude Include="src\debug.hpp">
      <Filter>_Engine\_Rendering</Filter>
    </ClInclude>
    <ClInclude Include="src\Renderer.hpp">
      <Filter>_Engine\_Rendering</Filter>
    </ClInclude>
    <ClInclude Include="src\RenderingWorker.hpp">
      <Filter>_Engine\_Rendering</Filter>
    </ClInclude>
    <ClInclude Include="src\RenderTypes.hpp">
      <Filter>_Engine\_Rendering</Filter>
    </ClInclude>
    <ClInclude Include="src\Window.hpp">
      <Filter>_Engine\_Rendering</Filter>
    </ClInclude>
    <ClInclude Include="src\BaseSystem.hpp">
      <Filter>_Engine</Filter>
    </ClInclude>
    <ClInclude Include="src\basic_math.hpp">
      <Filter>_math</Filter>
    </ClInclude>
    <ClInclude Include="src\Mat3.hpp">
      <Filter>_math</Filter>
    </ClInclude>
    <ClInclude Include="src\Mat4.hpp">
      <Filter>_math</Filter>
    </ClInclude>
    <ClInclude Include="src\random.hpp">
      <Filter>_math</Filter>
    </ClInclude>
    <ClInclude Include="src\Vec.hpp">
      <Filter>_math</Filter>
    </ClInclude>
    <ClInclude Include="src\Vec3.hpp">
      <Filter>_math</Filter>
    </ClInclude>
    <ClInclude Include="src\Vec4.hpp">
      <Filter>_math</Filter>
    </ClInclude>
    <ClInclude Include="src\vector_math.hpp">
      <Filter>_math</Filter>
    </ClInclude>
    <ClInclude Include="src\AgeScript.hpp">
      <Filter>Headerdateien</Filter>
    </ClInclude>
    <ClInclude Include="src\BasicScripts.hpp">
      <Filter>Headerdateien</Filter>
    </ClInclude>
    <ClInclude Include="src\BulletScript.hpp">
      <Filter>Headerdateien</Filter>
    </ClInclude>
    <ClInclude Include="src\DummyScript.hpp">
      <Filter>Headerdateien</Filter>
    </ClInclude>
    <ClInclude Include="src\Game.hpp">
      <Filter>Headerdateien</Filter>
    </ClInclude>
    <ClInclude Include="src\GameComponents.hpp">
      <Filter>Headerdateien</Filter>
    </ClInclude>
    <ClInclude Include="src\GameSystemUnifroms.hpp">
      <Filter>Headerdateien</Filter>
    </ClInclude>
    <ClInclude Include="src\GameWorld.hpp">
      <Filter>Headerdateien</Filter>
    </ClInclude>
    <ClInclude Include="src\HealthScript.hpp">
      <Filter>Headerdateien</Filter>
    </ClInclude>
    <ClInclude Include="src\ParticleScript.hpp">
      <Filter>Headerdateien</Filter>
    </ClInclude>
    <ClInclude Include="src\PlayerScript.hpp">
      <Filter>Headerdateien</Filter>
    </ClInclude>
    <ClInclude Include="src\EntityTypes.hpp">
      <Filter>_Engine\_Component</Filter>
    </ClInclude>
    <ClInclude Include="src\IndexSet.hpp">
      <Filter>_Engine\_Component</Filter>
    </ClInclude>
    <ClInclude Include="src\ImpulseResolutionJob.hpp">
      <Filter>_Engine\_Physics</Filter>
    </ClInclude>
    <ClInclude Include="src\SuckerScript.hpp">
      <Filter>Headerdateien</Filter>
    </ClInclude>
    <ClInclude Include="src\Qtree2.hpp">
      <Filter>_Engine\_Collision</Filter>
    </ClInclude>
    <ClInclude Include="src\TesterScript.hpp">
      <Filter>Headerdateien</Filter>
    </ClInclude>
    <ClInclude Include="src\PhysicsSystem2.hpp">
      <Filter>_Engine\_Physics</Filter>
    </ClInclude>
    <ClInclude Include="src\CollisionConstraintSet.hpp">
      <Filter>_Engine\_Physics</Filter>
    </ClInclude>
    <ClInclude Include="src\EntityManager.hpp">
      <Filter>_Engine\_Component</Filter>
    </ClInclude>
    <ClInclude Include="src\MovementSystem.hpp">
      <Filter>_Engine</Filter>
    </ClInclude>
    <ClInclude Include="src\UIManager.hpp">
      <Filter>_Engine\_UI</Filter>
    </ClInclude>
    <ClInclude Include="src\UIFrame.hpp">
      <Filter>_Engine\_UI</Filter>
    </ClInclude>
    <ClInclude Include="src\UIReflect.hpp">
      <Filter>_Engine\_UI</Filter>
    </ClInclude>
    <ClInclude Include="src\InputManager.hpp">
      <Filter>_Engine\_IO</Filter>
    </ClInclude>
    <ClInclude Include="src\TextureRefManager.hpp">
      <Filter>_Engine\_Rendering</Filter>
    </ClInclude>
    <ClInclude Include="src\TextureCache.hpp">
      <Filter>_Engine\_Rendering</Filter>
    </ClInclude>
    <ClInclude Include="src\UIAnchor.hpp">
      <Filter>_Engine\_UI</Filter>
    </ClInclude>
    <ClInclude Include="src\UIContext.hpp">
      <Filter>_Engine\_UI</Filter>
    </ClInclude>
    <ClInclude Include="src\RenderSpace.hpp">
      <Filter>_Engine\_Rendering</Filter>
    </ClInclude>
    <ClInclude Include="src\UIBar.hpp">
      <Filter>_Engine\_UI\Elements</Filter>
    </ClInclude>
    <ClInclude Include="src\UIButton.hpp">
      <Filter>_Engine\_UI\Elements</Filter>
    </ClInclude>
    <ClInclude Include="src\UIField.hpp">
      <Filter>_Engine\_UI\Elements</Filter>
    </ClInclude>
    <ClInclude Include="src\UIList.hpp">
      <Filter>_Engine\_UI\Elements</Filter>
    </ClInclude>
    <ClInclude Include="src\UIText.hpp">
      <Filter>_Engine\_UI\Elements</Filter>
    </ClInclude>
    <ClInclude Include="src\UIPair.hpp">
      <Filter>_Engine\_UI\Elements</Filter>
    </ClInclude>
    <ClInclude Include="src\UIClickable.hpp">
      <Filter>_Engine\_UI\BaseClasses</Filter>
    </ClInclude>
    <ClInclude Include="src\UIElement.hpp">
      <Filter>_Engine\_UI\BaseClasses</Filter>
    </ClInclude>
    <ClInclude Include="src\UIMultiParent.hpp">
      <Filter>_Engine\_UI\BaseClasses</Filter>
    </ClInclude>
    <ClInclude Include="src\UISingleParent.hpp">
      <Filter>_Engine\_UI\BaseClasses</Filter>
    </ClInclude>
    <ClInclude Include="src\UIFocusable.hpp">
      <Filter>_Engine\_UI\BaseClasses</Filter>
    </ClInclude>
    <ClInclude Include="src\InputFocus.hpp">
      <Filter>_Engine\_IO</Filter>
    </ClInclude>
    <ClInclude Include="src\Input.hpp">
      <Filter>_Engine\_IO</Filter>
    </ClInclude>
    <ClInclude Include="src\ComponentTypes.hpp">
      <Filter>_Engine\_Component</Filter>
    </ClInclude>
    <ClInclude Include="src\Engine.hpp">
      <Filter>_Engine\_Core</Filter>
    </ClInclude>
    <ClInclude Include="src\EventHandler.hpp">
      <Filter>_Engine\_Core</Filter>
    </ClInclude>
    <ClInclude Include="src\JobManager.hpp">
      <Filter>_Engine\_Core</Filter>
    </ClInclude>
    <ClInclude Include="src\BaseTypes.hpp">
      <Filter>_Engine\_Core</Filter>
    </ClInclude>
    <ClInclude Include="src\Perf.hpp">
      <Filter>_Engine\_Core</Filter>
    </ClInclude>
    <ClInclude Include="src\SparseBuffer.hpp">
      <Filter>_Engine\_Core</Filter>
    </ClInclude>
    <ClInclude Include="src\std_extra.hpp">
      <Filter>_Engine\_Core</Filter>
    </ClInclude>
    <ClInclude Include="src\Timing.hpp">
      <Filter>_Engine\_Core</Filter>
    </ClInclude>
    <ClInclude Include="src\UISeperator.hpp">
      <Filter>_Engine\_UI\Elements</Filter>
    </ClInclude>
    <ClInclude Include="src\UICollapsable.hpp">
      <Filter>_Engine\_UI\Elements</Filter>
    </ClInclude>
    <ClInclude Include="src\DrawFrame.hpp">
      <Filter>_Engine\_UI\utility</Filter>
    </ClInclude>
    <ClInclude Include="src\UIPaddingBase.hpp">
      <Filter>_Engine\_UI\BaseClasses</Filter>
    </ClInclude>
    <ClInclude Include="src\serialization\YAMLSerializer.hpp">
      <Filter>serialization</Filter>
    </ClInclude>
    <ClInclude Include="src\serialization\YAMLSerialize.hpp">
      <Filter>serialization</Filter>
    </ClInclude>
    <ClInclude Include="src\serialization\YAMLSerializeCoreComponents.hpp">
      <Filter>serialization</Filter>
    </ClInclude>
    <ClInclude Include="src\serialization\YAMLSerializeGameComponents.hpp">
      <Filter>serialization</Filter>
    </ClInclude>
  </ItemGroup>
  <ItemGroup>
    <ClCompile Include="src\Game.cpp">
      <Filter>Quelldateien</Filter>
    </ClCompile>
    <ClCompile Include="src\main.cpp">
      <Filter>Quelldateien</Filter>
    </ClCompile>
    <ClCompile Include="src\Renderer.cpp">
      <Filter>_Engine\_Rendering</Filter>
    </ClCompile>
    <ClCompile Include="src\Physics.cpp">
      <Filter>_Engine\_Physics</Filter>
    </ClCompile>
    <ClCompile Include="src\RenderingWorker.cpp">
      <Filter>_Engine\_Rendering</Filter>
    </ClCompile>
    <ClCompile Include="..\Libraries\stb_image\stb_image.cpp">
      <Filter>_stbi</Filter>
    </ClCompile>
    <ClCompile Include="src\Mat4.cpp">
      <Filter>_math</Filter>
    </ClCompile>
    <ClCompile Include="src\Mat3.cpp">
      <Filter>_math</Filter>
    </ClCompile>
    <ClCompile Include="src\PhysicsSystem.cpp">
      <Filter>_Engine\_Physics</Filter>
    </ClCompile>
    <ClCompile Include="src\AgeScript.cpp">
      <Filter>Quelldateien</Filter>
    </ClCompile>
    <ClCompile Include="src\BulletScript.cpp">
      <Filter>Quelldateien</Filter>
    </ClCompile>
    <ClCompile Include="src\HealthScript.cpp">
      <Filter>Quelldateien</Filter>
    </ClCompile>
    <ClCompile Include="src\PlayerScript.cpp">
      <Filter>Quelldateien</Filter>
    </ClCompile>
    <ClCompile Include="src\ParticleScript.cpp">
      <Filter>Quelldateien</Filter>
    </ClCompile>
    <ClCompile Include="src\EntityComponentManager.cpp">
      <Filter>_Engine\_Component</Filter>
    </ClCompile>
    <ClCompile Include="src\DummyScript.cpp">
      <Filter>Quelldateien</Filter>
    </ClCompile>
    <ClCompile Include="src\collision_detection.cpp">
      <Filter>_Engine\_Collision</Filter>
    </ClCompile>
    <ClCompile Include="src\QuadTree.cpp">
      <Filter>_Engine\_Collision</Filter>
    </ClCompile>
    <ClCompile Include="src\CollisionSystem.cpp">
      <Filter>_Engine\_Collision</Filter>
    </ClCompile>
    <ClCompile Include="src\Vec2.hpp">
      <Filter>_math</Filter>
    </ClCompile>
    <ClCompile Include="src\SuckerScript.cpp">
      <Filter>Quelldateien</Filter>
    </ClCompile>
    <ClCompile Include="src\Qtree2.cpp">
      <Filter>_Engine\_Collision</Filter>
    </ClCompile>
    <ClCompile Include="src\CollisionCheckJob.cpp">
      <Filter>_Engine\_Collision</Filter>
    </ClCompile>
    <ClCompile Include="src\TesterScript.cpp">
      <Filter>Quelldateien</Filter>
    </ClCompile>
    <ClCompile Include="src\PhysicsSystem2.cpp">
      <Filter>_Engine\_Physics</Filter>
    </ClCompile>
    <ClCompile Include="src\CollisionConstraintSet.cpp">
      <Filter>_Engine\_Physics</Filter>
    </ClCompile>
    <ClCompile Include="src\World.cpp">
      <Filter>_Engine\_Component</Filter>
    </ClCompile>
    <ClCompile Include="src\EntityManager.cpp">
      <Filter>_Engine\_Component</Filter>
    </ClCompile>
    <ClCompile Include="src\MovementSystem.cpp">
      <Filter>_Engine</Filter>
    </ClCompile>
    <ClCompile Include="src\UIManager.cpp">
      <Filter>_Engine\_UI</Filter>
    </ClCompile>
    <ClCompile Include="src\UIFrame.cpp">
      <Filter>_Engine\_UI</Filter>
    </ClCompile>
    <ClCompile Include="src\InputManager.cpp">
      <Filter>_Engine\_IO</Filter>
    </ClCompile>
    <ClCompile Include="src\TextureRefManager.cpp">
      <Filter>_Engine\_Rendering</Filter>
    </ClCompile>
    <ClCompile Include="src\TextureCache.cpp">
      <Filter>_Engine\_Rendering</Filter>
    </ClCompile>
    <ClCompile Include="src\UIBar.cpp">
      <Filter>_Engine\_UI\Elements</Filter>
    </ClCompile>
    <ClCompile Include="src\UIText.cpp">
      <Filter>_Engine\_UI\Elements</Filter>
    </ClCompile>
    <ClCompile Include="src\UIPair.cpp">
      <Filter>_Engine\_UI\Elements</Filter>
    </ClCompile>
    <ClCompile Include="src\algo.hpp">
      <Filter>_Engine\_Core</Filter>
    </ClCompile>
    <ClCompile Include="src\Engine.cpp">
      <Filter>_Engine\_Core</Filter>
    </ClCompile>
    <ClCompile Include="src\EventHandler.cpp">
      <Filter>_Engine\_Core</Filter>
    </ClCompile>
    <ClCompile Include="src\UIAnchor.cpp">
      <Filter>_Engine\_UI</Filter>
    </ClCompile>
    <ClCompile Include="src\UISeperator.cpp">
      <Filter>_Engine\_UI\Elements</Filter>
    </ClCompile>
    <ClCompile Include="src\UICollapsable.cpp">
      <Filter>_Engine\_UI\Elements</Filter>
    </ClCompile>
    <ClCompile Include="src\DrawFrame.cpp">
      <Filter>_Engine\_UI\utility</Filter>
    </ClCompile>
    <ClCompile Include="src\serialization\YAMLSerializer.cpp">
      <Filter>serialization</Filter>
    </ClCompile>
    <ClCompile Include="src\serialization\YAMLSerialize.cpp">
      <Filter>serialization</Filter>
    </ClCompile>
    <ClCompile Include="src\serialization\YAMLSerializeCoreComponents.cpp">
      <Filter>serialization</Filter>
    </ClCompile>
    <ClCompile Include="src\serialization\YAMLSerializeGameComponents.cpp">
      <Filter>serialization</Filter>
    </ClCompile>
  </ItemGroup>
  <ItemGroup>
    <None Include="shader\Basic.frag">
      <Filter>_Engine\_Rendering\_shader</Filter>
    </None>
    <None Include="shader\Basic.vert">
      <Filter>_Engine\_Rendering\_shader</Filter>
    </None>
    <None Include="shader\shadow.frag">
      <Filter>_Engine\_Rendering\_shader</Filter>
    </None>
    <None Include="shader\shadow.vert">
      <Filter>_Engine\_Rendering\_shader</Filter>
    </None>
  </ItemGroup>
</Project>