<?xml version="1.0" encoding="utf-8"?>
<Project ToolsVersion="4.0" xmlns="http://schemas.microsoft.com/developer/msbuild/2003">
  <ItemGroup>
    <Filter Include="Quelldateien">
      <UniqueIdentifier>{4FC737F1-C7A5-4376-A066-2A32D752A2FF}</UniqueIdentifier>
      <Extensions>cpp;c;cc;cxx;def;odl;idl;hpj;bat;asm;asmx</Extensions>
    </Filter>
    <Filter Include="Headerdateien">
      <UniqueIdentifier>{93995380-89BD-4b04-88EB-625FBE52EBFB}</UniqueIdentifier>
      <Extensions>h;hh;hpp;hxx;hm;inl;inc;ipp;xsd</Extensions>
    </Filter>
    <Filter Include="Ressourcendateien">
      <UniqueIdentifier>{67DA6AB6-F800-4c08-8B7A-83BB121AAD01}</UniqueIdentifier>
      <Extensions>rc;ico;cur;bmp;dlg;rc2;rct;bin;rgs;gif;jpg;jpeg;jpe;resx;tiff;tif;png;wav;mfcribbon-ms</Extensions>
    </Filter>
    <Filter Include="_stbi">
      <UniqueIdentifier>{41d0503f-0ab4-475c-ada3-0170b6a27b2f}</UniqueIdentifier>
    </Filter>
    <Filter Include="_math">
      <UniqueIdentifier>{7c1b4701-56b3-4db5-8736-770ce17348be}</UniqueIdentifier>
    </Filter>
    <Filter Include="_Engine">
      <UniqueIdentifier>{982f06a6-d1e0-4368-bcee-f69b45d24c20}</UniqueIdentifier>
    </Filter>
    <Filter Include="_Engine\_Component">
      <UniqueIdentifier>{891a6c25-5afe-4008-8fb8-75aca9aa799f}</UniqueIdentifier>
    </Filter>
    <Filter Include="_Engine\_Executors">
      <UniqueIdentifier>{1c16b84b-8a9c-4e7d-bfb4-14ba9c429120}</UniqueIdentifier>
    </Filter>
    <Filter Include="_Engine\_Physics">
      <UniqueIdentifier>{70648b4a-dee6-4dfa-81c0-4f69d61be49b}</UniqueIdentifier>
    </Filter>
    <Filter Include="_Engine\_Rendering">
      <UniqueIdentifier>{8105babe-c711-49ff-a49d-160139bfc316}</UniqueIdentifier>
    </Filter>
    <Filter Include="_Engine\_shader">
      <UniqueIdentifier>{221f6693-8e62-409c-a419-b742859bb778}</UniqueIdentifier>
    </Filter>
    <Filter Include="_Engine\_UI">
      <UniqueIdentifier>{04555f50-28a1-4672-8acd-b672ae173589}</UniqueIdentifier>
    </Filter>
    <Filter Include="_Engine\_Collision">
      <UniqueIdentifier>{af4549b1-e840-49f3-be88-0a5b9e8721f0}</UniqueIdentifier>
    </Filter>
  </ItemGroup>
  <ItemGroup>
    <ClInclude Include="..\Libraries\stb_image\stb_image.h">
      <Filter>_stbi</Filter>
    </ClInclude>
    <ClInclude Include="src\ai.h">
      <Filter>_Engine</Filter>
    </ClInclude>
    <ClInclude Include="src\fileUtility.h">
      <Filter>Headerdateien</Filter>
    </ClInclude>
    <ClInclude Include="src\JobManager.hpp">
      <Filter>_Engine</Filter>
    </ClInclude>
    <ClInclude Include="src\CacheAABBJob.hpp">
      <Filter>_Engine\_Collision</Filter>
    </ClInclude>
    <ClInclude Include="src\BuildQtreeJob.hpp">
      <Filter>_Engine\_Collision</Filter>
    </ClInclude>
    <ClInclude Include="src\CollisionWorkerData.hpp">
      <Filter>_Engine\_Collision</Filter>
    </ClInclude>
    <ClInclude Include="src\PushoutCalcJob.hpp">
      <Filter>_Engine\_Physics</Filter>
    </ClInclude>
    <ClInclude Include="src\collision_detection.hpp">
      <Filter>_Engine\_Collision</Filter>
    </ClInclude>
    <ClInclude Include="src\CollisionCheckJob.hpp">
      <Filter>_Engine\_Collision</Filter>
    </ClInclude>
    <ClInclude Include="src\CollisionSystem.hpp">
      <Filter>_Engine\_Collision</Filter>
    </ClInclude>
    <ClInclude Include="src\CollisionWorker.hpp">
      <Filter>_Engine\_Collision</Filter>
    </ClInclude>
    <ClInclude Include="src\QuadTree.hpp">
      <Filter>_Engine\_Collision</Filter>
    </ClInclude>
    <ClInclude Include="src\CoreComponents.hpp">
      <Filter>_Engine\_Component</Filter>
    </ClInclude>
    <ClInclude Include="src\CoreSystemUniforms.hpp">
      <Filter>_Engine\_Component</Filter>
    </ClInclude>
    <ClInclude Include="src\EntityComponentManager.hpp">
      <Filter>_Engine\_Component</Filter>
    </ClInclude>
    <ClInclude Include="src\EntityComponentStorage.hpp">
      <Filter>_Engine\_Component</Filter>
    </ClInclude>
    <ClInclude Include="src\World.hpp">
      <Filter>_Engine\_Component</Filter>
    </ClInclude>
    <ClInclude Include="src\CoreSystem.hpp">
      <Filter>_Engine\_Executors</Filter>
    </ClInclude>
    <ClInclude Include="src\GameSystem.hpp">
      <Filter>_Engine\_Executors</Filter>
    </ClInclude>
    <ClInclude Include="src\Script.hpp">
      <Filter>_Engine\_Executors</Filter>
    </ClInclude>
    <ClInclude Include="src\Physics.hpp">
      <Filter>_Engine\_Physics</Filter>
    </ClInclude>
    <ClInclude Include="src\PhysicsSystem.hpp">
      <Filter>_Engine\_Physics</Filter>
    </ClInclude>
    <ClInclude Include="src\PhysicsTypes.hpp">
      <Filter>_Engine\_Physics</Filter>
    </ClInclude>
    <ClInclude Include="src\Camera.hpp">
      <Filter>_Engine\_Rendering</Filter>
    </ClInclude>
    <ClInclude Include="src\debug.hpp">
      <Filter>_Engine\_Rendering</Filter>
    </ClInclude>
    <ClInclude Include="src\Renderer.hpp">
      <Filter>_Engine\_Rendering</Filter>
    </ClInclude>
    <ClInclude Include="src\RenderingWorker.hpp">
      <Filter>_Engine\_Rendering</Filter>
    </ClInclude>
    <ClInclude Include="src\RenderTypes.hpp">
      <Filter>_Engine\_Rendering</Filter>
    </ClInclude>
    <ClInclude Include="src\TextureHandler.hpp">
      <Filter>_Engine\_Rendering</Filter>
    </ClInclude>
    <ClInclude Include="src\Window.hpp">
      <Filter>_Engine\_Rendering</Filter>
    </ClInclude>
    <ClInclude Include="src\BaseSystem.hpp">
      <Filter>_Engine</Filter>
    </ClInclude>
    <ClInclude Include="src\BaseTypes.hpp">
      <Filter>_Engine</Filter>
    </ClInclude>
    <ClInclude Include="src\CoreCompInclude.hpp">
      <Filter>_Engine</Filter>
    </ClInclude>
    <ClInclude Include="src\Engine.hpp">
      <Filter>_Engine</Filter>
    </ClInclude>
    <ClInclude Include="src\EventHandler.hpp">
      <Filter>_Engine</Filter>
    </ClInclude>
    <ClInclude Include="src\Input.hpp">
      <Filter>_Engine</Filter>
    </ClInclude>
    <ClInclude Include="src\Perf.hpp">
      <Filter>_Engine</Filter>
    </ClInclude>
    <ClInclude Include="src\std_extra.hpp">
      <Filter>_Engine</Filter>
    </ClInclude>
    <ClInclude Include="src\Timing.hpp">
      <Filter>_Engine</Filter>
    </ClInclude>
    <ClInclude Include="src\basic_math.hpp">
      <Filter>_math</Filter>
    </ClInclude>
    <ClInclude Include="src\Mat3.hpp">
      <Filter>_math</Filter>
    </ClInclude>
    <ClInclude Include="src\Mat4.hpp">
      <Filter>_math</Filter>
    </ClInclude>
    <ClInclude Include="src\random.hpp">
      <Filter>_math</Filter>
    </ClInclude>
    <ClInclude Include="src\Vec.hpp">
      <Filter>_math</Filter>
    </ClInclude>
    <ClInclude Include="src\Vec3.hpp">
      <Filter>_math</Filter>
    </ClInclude>
    <ClInclude Include="src\Vec4.hpp">
      <Filter>_math</Filter>
    </ClInclude>
    <ClInclude Include="src\vector_math.hpp">
      <Filter>_math</Filter>
    </ClInclude>
    <ClInclude Include="src\AgeScript.hpp">
      <Filter>Headerdateien</Filter>
    </ClInclude>
    <ClInclude Include="src\BasicScripts.hpp">
      <Filter>Headerdateien</Filter>
    </ClInclude>
    <ClInclude Include="src\BulletScript.hpp">
      <Filter>Headerdateien</Filter>
    </ClInclude>
    <ClInclude Include="src\DummyScript.hpp">
      <Filter>Headerdateien</Filter>
    </ClInclude>
    <ClInclude Include="src\Game.hpp">
      <Filter>Headerdateien</Filter>
    </ClInclude>
    <ClInclude Include="src\GameCompInclude.hpp">
      <Filter>Headerdateien</Filter>
    </ClInclude>
    <ClInclude Include="src\GameComponents.hpp">
      <Filter>Headerdateien</Filter>
    </ClInclude>
    <ClInclude Include="src\GameSystemUnifroms.hpp">
      <Filter>Headerdateien</Filter>
    </ClInclude>
    <ClInclude Include="src\GameWorld.hpp">
      <Filter>Headerdateien</Filter>
    </ClInclude>
    <ClInclude Include="src\HealthScript.hpp">
      <Filter>Headerdateien</Filter>
    </ClInclude>
    <ClInclude Include="src\ParticleScript.hpp">
      <Filter>Headerdateien</Filter>
    </ClInclude>
    <ClInclude Include="src\PlayerScript.hpp">
      <Filter>Headerdateien</Filter>
    </ClInclude>
    <ClInclude Include="src\htmlCompiler.hpp">
      <Filter>_Engine\_UI</Filter>
    </ClInclude>
  </ItemGroup>
  <ItemGroup>
    <ClCompile Include="src\Game.cpp">
      <Filter>Quelldateien</Filter>
    </ClCompile>
    <ClCompile Include="src\main.cpp">
      <Filter>Quelldateien</Filter>
    </ClCompile>
    <ClCompile Include="src\Renderer.cpp">
      <Filter>_Engine\_Rendering</Filter>
    </ClCompile>
    <ClCompile Include="src\Physics.cpp">
      <Filter>_Engine\_Physics</Filter>
    </ClCompile>
    <ClCompile Include="src\RenderingWorker.cpp">
      <Filter>_Engine\_Rendering</Filter>
    </ClCompile>
    <ClCompile Include="src\TextureHandler.cpp">
      <Filter>_Engine\_Rendering</Filter>
    </ClCompile>
    <ClCompile Include="..\Libraries\stb_image\stb_image.cpp">
      <Filter>_stbi</Filter>
    </ClCompile>
    <ClCompile Include="src\Mat4.cpp">
      <Filter>_math</Filter>
    </ClCompile>
    <ClCompile Include="src\Mat3.cpp">
      <Filter>_math</Filter>
    </ClCompile>
    <ClCompile Include="src\PhysicsSystem.cpp">
      <Filter>_Engine\_Physics</Filter>
    </ClCompile>
    <ClCompile Include="src\Engine.cpp">
      <Filter>_Engine</Filter>
    </ClCompile>
    <ClCompile Include="src\EventHandler.cpp">
      <Filter>_Engine</Filter>
    </ClCompile>
    <ClCompile Include="src\AgeScript.cpp">
      <Filter>Quelldateien</Filter>
    </ClCompile>
    <ClCompile Include="src\BulletScript.cpp">
      <Filter>Quelldateien</Filter>
    </ClCompile>
    <ClCompile Include="src\HealthScript.cpp">
      <Filter>Quelldateien</Filter>
    </ClCompile>
    <ClCompile Include="src\PlayerScript.cpp">
      <Filter>Quelldateien</Filter>
    </ClCompile>
    <ClCompile Include="src\ParticleScript.cpp">
      <Filter>Quelldateien</Filter>
    </ClCompile>
    <ClCompile Include="src\EntityComponentManager.cpp">
      <Filter>_Engine\_Component</Filter>
    </ClCompile>
    <ClCompile Include="src\World.cpp">
      <Filter>_Engine\_Component</Filter>
    </ClCompile>
    <ClCompile Include="src\GameWorld.cpp">
      <Filter>Quelldateien</Filter>
    </ClCompile>
    <ClCompile Include="src\DummyScript.cpp">
      <Filter>Quelldateien</Filter>
    </ClCompile>
    <ClCompile Include="src\htmlCompiler.cpp">
      <Filter>_Engine\_UI</Filter>
    </ClCompile>
    <ClCompile Include="src\collision_detection.cpp">
      <Filter>_Engine\_Collision</Filter>
    </ClCompile>
    <ClCompile Include="src\QuadTree.cpp">
      <Filter>_Engine\_Collision</Filter>
    </ClCompile>
    <ClCompile Include="src\CollisionSystem.cpp">
      <Filter>_Engine\_Collision</Filter>
    </ClCompile>
    <ClCompile Include="src\CollisionWorker.cpp">
      <Filter>_Engine\_Collision</Filter>
    </ClCompile>
    <ClCompile Include="src\algo.hpp">
      <Filter>_Engine</Filter>
    </ClCompile>
    <ClCompile Include="src\Vec2.hpp">
      <Filter>_math</Filter>
    </ClCompile>
  </ItemGroup>
  <ItemGroup>
    <None Include="shader\Basic.frag">
      <Filter>_Engine\_shader</Filter>
    </None>
    <None Include="shader\Basic.vert">
      <Filter>_Engine\_shader</Filter>
    </None>
    <None Include="shader\shadow.frag">
      <Filter>_Engine\_shader</Filter>
    </None>
    <None Include="shader\shadow.vert">
      <Filter>_Engine\_shader</Filter>
    </None>
  </ItemGroup>
</Project>