<?xml version="1.0" encoding="utf-8"?>
<Project ToolsVersion="4.0" xmlns="http://schemas.microsoft.com/developer/msbuild/2003">
  <ItemGroup>
    <Filter Include="_stbi">
      <UniqueIdentifier>{41d0503f-0ab4-475c-ada3-0170b6a27b2f}</UniqueIdentifier>
    </Filter>
    <Filter Include="engine">
      <UniqueIdentifier>{d38b1d5a-5dd4-4c2a-99d2-4b08e9dc707f}</UniqueIdentifier>
    </Filter>
    <Filter Include="game">
      <UniqueIdentifier>{c03f9369-5c3a-46cd-8948-4a84ccb71f8d}</UniqueIdentifier>
    </Filter>
    <Filter Include="game\hpp">
      <UniqueIdentifier>{fd180900-ce4a-4730-9fe5-1af5a5df7528}</UniqueIdentifier>
    </Filter>
    <Filter Include="game\serialization">
      <UniqueIdentifier>{1281a756-300d-4648-9d30-7bc11d02ff92}</UniqueIdentifier>
    </Filter>
    <Filter Include="mandelbrot">
      <UniqueIdentifier>{d52581ae-b099-40ae-9d8f-9a554a51eeda}</UniqueIdentifier>
    </Filter>
    <Filter Include="engine\rendering">
      <UniqueIdentifier>{d8359791-7a49-499e-bbdc-cf990fecdb98}</UniqueIdentifier>
    </Filter>
    <Filter Include="engine\math">
      <UniqueIdentifier>{3313dd1a-4270-48fa-89dd-47f402d87302}</UniqueIdentifier>
    </Filter>
    <Filter Include="engine\types">
      <UniqueIdentifier>{f208749c-7d88-41ba-b947-765adbe1210b}</UniqueIdentifier>
    </Filter>
    <Filter Include="engine\entity">
      <UniqueIdentifier>{adaa5569-03be-4391-b6e3-07aeaa4731d7}</UniqueIdentifier>
    </Filter>
    <Filter Include="engine\util">
      <UniqueIdentifier>{675a5d80-11c8-40be-9f81-97af3aa4c749}</UniqueIdentifier>
    </Filter>
    <Filter Include="engine\io">
      <UniqueIdentifier>{064cbdd2-3602-4248-b819-e0b37f455353}</UniqueIdentifier>
    </Filter>
    <Filter Include="engine\allocator">
      <UniqueIdentifier>{86d00b75-230f-4a50-af09-8462ec66eb1a}</UniqueIdentifier>
    </Filter>
    <Filter Include="engine\rendering\shader">
      <UniqueIdentifier>{070efa69-5c28-441c-aca1-beebe6b44ebc}</UniqueIdentifier>
    </Filter>
    <Filter Include="engine\gui">
      <UniqueIdentifier>{b43a3fe1-039b-4f1c-99c1-3d7ed7fd64cb}</UniqueIdentifier>
    </Filter>
    <Filter Include="guitest">
      <UniqueIdentifier>{58fffb78-f4c5-4330-a80a-694a80d01871}</UniqueIdentifier>
    </Filter>
    <Filter Include="engine\gui\elements">
      <UniqueIdentifier>{1710c6b1-f3b0-4b41-b3a8-4f50997e3d7a}</UniqueIdentifier>
    </Filter>
    <Filter Include="engine\gui\base">
      <UniqueIdentifier>{7873256f-c4ff-4cec-b09c-3095132abda2}</UniqueIdentifier>
    </Filter>
    <Filter Include="main">
      <UniqueIdentifier>{5d41953b-9201-427d-ba9b-c67e229ac5c0}</UniqueIdentifier>
    </Filter>
    <Filter Include="engine\rendering\pipeline">
      <UniqueIdentifier>{7b9675a9-92db-4b76-86c2-4860b046f561}</UniqueIdentifier>
    </Filter>
    <Filter Include="engine\rendering\OpenGLAbstraction">
      <UniqueIdentifier>{0e002ab0-11bc-450d-97f9-66a4d60f9fdf}</UniqueIdentifier>
    </Filter>
    <Filter Include="engine\rendering\DefaultPipes">
      <UniqueIdentifier>{2dd4f57b-25ae-4347-b3f6-1b186d1c9f3e}</UniqueIdentifier>
    </Filter>
    <Filter Include="Ants">
      <UniqueIdentifier>{fdfa8763-e916-4711-8269-4abc83b56f20}</UniqueIdentifier>
    </Filter>
    <Filter Include="engine\physics2d">
      <UniqueIdentifier>{3d3e80cb-7511-4882-95de-b1997c91e1e1}</UniqueIdentifier>
    </Filter>
    <Filter Include="engine\collision2d">
      <UniqueIdentifier>{53f8f9a3-1ae6-4636-8dbc-87b8c73f76a4}</UniqueIdentifier>
    </Filter>
  </ItemGroup>
  <ItemGroup>
    <ClInclude Include="..\Libraries\stb_image\stb_image.hpp">
      <Filter>_stbi</Filter>
    </ClInclude>
    <ClInclude Include="src\game\BloomRScript.hpp">
      <Filter>game\hpp</Filter>
    </ClInclude>
    <ClInclude Include="src\game\EngineConfig.hpp">
      <Filter>game\hpp</Filter>
    </ClInclude>
    <ClInclude Include="src\game\Game.hpp">
      <Filter>game\hpp</Filter>
    </ClInclude>
    <ClInclude Include="src\game\GameComponents.hpp">
      <Filter>game\hpp</Filter>
    </ClInclude>
    <ClInclude Include="src\game\GameSystemInclude.h">
      <Filter>game\hpp</Filter>
    </ClInclude>
    <ClInclude Include="src\game\GameSystemUnifroms.hpp">
      <Filter>game\hpp</Filter>
    </ClInclude>
    <ClInclude Include="src\game\LoadBallTestMap.hpp">
      <Filter>game\hpp</Filter>
    </ClInclude>
    <ClInclude Include="src\game\ParticleScript.hpp">
      <Filter>game\hpp</Filter>
    </ClInclude>
    <ClInclude Include="src\game\PlayerScript.hpp">
      <Filter>game\hpp</Filter>
    </ClInclude>
    <ClInclude Include="src\game\SuckerScript.hpp">
      <Filter>game\hpp</Filter>
    </ClInclude>
    <ClInclude Include="src\game\TesterScript.hpp">
      <Filter>game\hpp</Filter>
    </ClInclude>
    <ClInclude Include="src\game\LayerConstants.hpp">
      <Filter>game\hpp</Filter>
    </ClInclude>
    <ClInclude Include="src\game\serialization\YAMLECM.hpp">
      <Filter>game\serialization</Filter>
    </ClInclude>
    <ClInclude Include="src\game\serialization\YAMLSerialize.hpp">
      <Filter>game\serialization</Filter>
    </ClInclude>
    <ClInclude Include="src\game\serialization\YAMLSerializeCoreComponents.hpp">
      <Filter>game\serialization</Filter>
    </ClInclude>
    <ClInclude Include="src\game\serialization\YAMLSerializeGameComponents.hpp">
      <Filter>game\serialization</Filter>
    </ClInclude>
    <ClInclude Include="src\game\serialization\YAMLSerializer.hpp">
      <Filter>game\serialization</Filter>
    </ClInclude>
    <ClInclude Include="src\game\movementScript.hpp">
      <Filter>game\hpp</Filter>
    </ClInclude>
    <ClInclude Include="src\mandelbrot\EngineConfig.hpp">
      <Filter>mandelbrot</Filter>
    </ClInclude>
    <ClInclude Include="src\mandelbrot\MandelbrotViewer.hpp">
      <Filter>mandelbrot</Filter>
    </ClInclude>
    <ClInclude Include="src\mandelbrot\LayerConstants.hpp">
      <Filter>mandelbrot</Filter>
    </ClInclude>
    <ClInclude Include="src\mandelbrot\MandelRenderScript.hpp">
      <Filter>mandelbrot</Filter>
    </ClInclude>
    <ClInclude Include="src\game\World.hpp">
      <Filter>game\hpp</Filter>
    </ClInclude>
    <ClInclude Include="src\engine\rendering\Camera.hpp">
      <Filter>engine\rendering</Filter>
    </ClInclude>
    <ClInclude Include="src\engine\rendering\RenderSpace.hpp">
      <Filter>engine\rendering</Filter>
    </ClInclude>
    <ClInclude Include="src\engine\rendering\Window.hpp">
      <Filter>engine\rendering</Filter>
    </ClInclude>
    <ClInclude Include="src\engine\math\basic_math.hpp">
      <Filter>engine\math</Filter>
    </ClInclude>
    <ClInclude Include="src\engine\math\Mat3.hpp">
      <Filter>engine\math</Filter>
    </ClInclude>
    <ClInclude Include="src\engine\math\Mat4.hpp">
      <Filter>engine\math</Filter>
    </ClInclude>
    <ClInclude Include="src\engine\math\Vec.hpp">
      <Filter>engine\math</Filter>
    </ClInclude>
    <ClInclude Include="src\engine\math\Vec2.hpp">
      <Filter>engine\math</Filter>
    </ClInclude>
    <ClInclude Include="src\engine\math\Vec3.hpp">
      <Filter>engine\math</Filter>
    </ClInclude>
    <ClInclude Include="src\engine\math\Vec4.hpp">
      <Filter>engine\math</Filter>
    </ClInclude>
    <ClInclude Include="src\engine\math\vector_math.hpp">
      <Filter>engine\math</Filter>
    </ClInclude>
    <ClInclude Include="src\engine\types\BaseTypes.hpp">
      <Filter>engine\types</Filter>
    </ClInclude>
    <ClInclude Include="src\engine\types\IndexSet.hpp">
      <Filter>engine\types</Filter>
    </ClInclude>
    <ClInclude Include="src\engine\types\SparseBuffer.hpp">
      <Filter>engine\types</Filter>
    </ClInclude>
    <ClInclude Include="src\engine\types\StaticVector.hpp">
      <Filter>engine\types</Filter>
    </ClInclude>
    <ClInclude Include="src\engine\types\Timing.hpp">
      <Filter>engine\types</Filter>
    </ClInclude>
    <ClInclude Include="src\engine\types\UUID.hpp">
      <Filter>engine\types</Filter>
    </ClInclude>
    <ClInclude Include="src\engine\entity\EntityComponentManager.hpp">
      <Filter>engine\entity</Filter>
    </ClInclude>
    <ClInclude Include="src\engine\entity\EntityComponentManagerView.hpp">
      <Filter>engine\entity</Filter>
    </ClInclude>
    <ClInclude Include="src\engine\entity\EntityComponentStorage.hpp">
      <Filter>engine\entity</Filter>
    </ClInclude>
    <ClInclude Include="src\engine\entity\EntityManager.hpp">
      <Filter>engine\entity</Filter>
    </ClInclude>
    <ClInclude Include="src\engine\entity\EntityTypes.hpp">
      <Filter>engine\entity</Filter>
    </ClInclude>
    <ClInclude Include="src\engine\util\debug.hpp">
      <Filter>engine\util</Filter>
    </ClInclude>
    <ClInclude Include="src\engine\util\Log.hpp">
      <Filter>engine\util</Filter>
    </ClInclude>
    <ClInclude Include="src\engine\util\Perf.hpp">
      <Filter>engine\util</Filter>
    </ClInclude>
    <ClInclude Include="src\engine\util\utils.hpp">
      <Filter>engine\util</Filter>
    </ClInclude>
    <ClInclude Include="src\engine\io\Input.hpp">
      <Filter>engine\io</Filter>
    </ClInclude>
    <ClInclude Include="src\engine\JobSystem.hpp">
      <Filter>engine</Filter>
    </ClInclude>
    <ClInclude Include="src\engine\EngineCore.hpp">
      <Filter>engine</Filter>
    </ClInclude>
    <ClInclude Include="src\engine\types\ShortNames.hpp">
      <Filter>engine\types</Filter>
    </ClInclude>
    <ClInclude Include="src\engine\allocator\ArenaAllocator.hpp">
      <Filter>engine\allocator</Filter>
    </ClInclude>
    <ClInclude Include="src\engine\allocator\ArenaAllocatorPerThread.hpp">
      <Filter>engine\allocator</Filter>
    </ClInclude>
    <ClInclude Include="src\game\LoadRenderTestMap.hpp">
      <Filter>game\hpp</Filter>
    </ClInclude>
    <ClInclude Include="src\engine\rendering\TextureSamplerManager.hpp">
      <Filter>engine\rendering</Filter>
    </ClInclude>
    <ClInclude Include="src\engine\gui\base\GUIDrawContext.hpp">
      <Filter>engine\gui\base</Filter>
    </ClInclude>
    <ClInclude Include="src\engine\gui\GUIManager.hpp">
      <Filter>engine\gui</Filter>
    </ClInclude>
    <ClInclude Include="src\guitest\GUITest.hpp">
      <Filter>guitest</Filter>
    </ClInclude>
    <ClInclude Include="src\engine\gui\base\GUIElement.hpp">
      <Filter>engine\gui\base</Filter>
    </ClInclude>
    <ClInclude Include="src\engine\gui\base\GUIRootElement.hpp">
      <Filter>engine\gui\base</Filter>
    </ClInclude>
    <ClInclude Include="src\engine\gui\base\GUIDrawUtil.hpp">
      <Filter>engine\gui\base</Filter>
    </ClInclude>
    <ClInclude Include="src\engine\gui\components\GUICommonElements.hpp">
      <Filter>engine\gui\elements</Filter>
    </ClInclude>
    <ClInclude Include="src\game\Scripts.hpp">
      <Filter>game\hpp</Filter>
    </ClInclude>
    <ClInclude Include="src\game\HealthScript.hpp">
      <Filter>game\hpp</Filter>
    </ClInclude>
    <ClInclude Include="src\engine\gui\components\GUITextElements.hpp">
      <Filter>engine\gui\elements</Filter>
    </ClInclude>
    <ClInclude Include="src\engine\gui\components\GUIMouseEvent.hpp">
      <Filter>engine\gui\elements</Filter>
    </ClInclude>
    <ClInclude Include="src\engine\gui\base\GUITextUtil.hpp">
      <Filter>engine\gui\base</Filter>
    </ClInclude>
    <ClInclude Include="src\engine\gui\components\GUIDragEvent.hpp">
      <Filter>engine\gui\elements</Filter>
    </ClInclude>
    <ClInclude Include="src\engine\gui\components\GUICommonElementsStyling.hpp">
      <Filter>engine\gui\elements</Filter>
    </ClInclude>
    <ClInclude Include="src\engine\gui\components\GUICommonElementsDraw.hpp">
      <Filter>engine\gui\elements</Filter>
    </ClInclude>
    <ClInclude Include="src\engine\gui\components\GUITextElementsDraw.hpp">
      <Filter>engine\gui\elements</Filter>
    </ClInclude>
    <ClInclude Include="src\engine\gui\base\GUIStyle.hpp">
      <Filter>engine\gui\base</Filter>
    </ClInclude>
    <ClInclude Include="src\engine\gui\components\GUIChildAccess.hpp">
      <Filter>engine\gui\elements</Filter>
    </ClInclude>
    <ClInclude Include="src\engine\gui\components\GUITextElementsStyling.hpp">
      <Filter>engine\gui\elements</Filter>
    </ClInclude>
    <ClInclude Include="src\engine\rendering\pipeline\RenderRessourceManager.hpp">
      <Filter>engine\rendering\pipeline</Filter>
    </ClInclude>
    <ClInclude Include="src\engine\rendering\OpenGLAbstraction\OpenGLPassShader.hpp">
      <Filter>engine\rendering\OpenGLAbstraction</Filter>
    </ClInclude>
    <ClInclude Include="src\engine\rendering\OpenGLAbstraction\OpenGLShader.hpp">
      <Filter>engine\rendering\OpenGLAbstraction</Filter>
    </ClInclude>
    <ClInclude Include="src\engine\rendering\OpenGLAbstraction\OpenGLShaderStorage.hpp">
      <Filter>engine\rendering\OpenGLAbstraction</Filter>
    </ClInclude>
    <ClInclude Include="src\engine\rendering\OpenGLAbstraction\OpenGLShaderUtil.hpp">
      <Filter>engine\rendering\OpenGLAbstraction</Filter>
    </ClInclude>
    <ClInclude Include="src\engine\rendering\OpenGLAbstraction\OpenGLFramebuffer.hpp">
      <Filter>engine\rendering\OpenGLAbstraction</Filter>
    </ClInclude>
    <ClInclude Include="src\engine\rendering\OpenGLAbstraction\OpenGLTexture.hpp">
      <Filter>engine\rendering\OpenGLAbstraction</Filter>
    </ClInclude>
    <ClInclude Include="src\engine\rendering\Sprite.hpp">
      <Filter>engine\rendering</Filter>
    </ClInclude>
    <ClInclude Include="src\engine\rendering\pipeline\RenderPipe.hpp">
      <Filter>engine\rendering\pipeline</Filter>
    </ClInclude>
    <ClInclude Include="src\engine\rendering\pipeline\RenderPipeline.hpp">
      <Filter>engine\rendering\pipeline</Filter>
    </ClInclude>
    <ClInclude Include="src\engine\rendering\pipeline\RenderPipelineThread.hpp">
      <Filter>engine\rendering\pipeline</Filter>
    </ClInclude>
    <ClInclude Include="src\engine\rendering\DefaultRenderer.hpp">
      <Filter>engine\rendering</Filter>
    </ClInclude>
    <ClInclude Include="src\engine\rendering\RenderCoordinateSystem.hpp">
      <Filter>engine\rendering</Filter>
    </ClInclude>
    <ClInclude Include="src\engine\rendering\DefaultPipes\BloomPipe.hpp">
      <Filter>engine\rendering\DefaultPipes</Filter>
    </ClInclude>
    <ClInclude Include="src\engine\rendering\Glyph.hpp">
      <Filter>engine\rendering</Filter>
    </ClInclude>
    <ClInclude Include="src\engine\types\PagedIndexMap.hpp">
      <Filter>engine\types</Filter>
    </ClInclude>
    <ClInclude Include="src\engine\rendering\pipeline\RessourceManager.hpp">
      <Filter>engine\rendering\pipeline</Filter>
    </ClInclude>
    <ClInclude Include="src\engine\rendering\pipeline\RessourceHandle.hpp">
      <Filter>engine\rendering\pipeline</Filter>
    </ClInclude>
    <ClInclude Include="src\engine\rendering\Font.hpp">
      <Filter>engine\rendering</Filter>
    </ClInclude>
    <ClInclude Include="src\engine\util\UnicodeUtil.hpp">
      <Filter>engine\util</Filter>
    </ClInclude>
    <ClInclude Include="src\Ants\Ants.hpp">
      <Filter>Ants</Filter>
    </ClInclude>
    <ClInclude Include="src\Ants\AntsWorld.hpp">
      <Filter>Ants</Filter>
    </ClInclude>
    <ClInclude Include="src\engine\gui\components\GUIDraw.hpp">
      <Filter>engine\gui\base</Filter>
    </ClInclude>
    <ClInclude Include="src\engine\collision\CacheAABBJob.hpp">
      <Filter>engine\collision2d</Filter>
    </ClInclude>
    <ClInclude Include="src\engine\collision\collision_detection.hpp">
      <Filter>engine\collision2d</Filter>
    </ClInclude>
    <ClInclude Include="src\engine\collision\CollisionSystem.hpp">
      <Filter>engine\collision2d</Filter>
    </ClInclude>
    <ClInclude Include="src\engine\collision\CollisionUniform.hpp">
      <Filter>engine\collision2d</Filter>
    </ClInclude>
    <ClInclude Include="src\engine\collision\CoreComponents.hpp">
      <Filter>engine\collision2d</Filter>
    </ClInclude>
    <ClInclude Include="src\engine\collision\CoreSystemUniforms.hpp">
      <Filter>engine\collision2d</Filter>
    </ClInclude>
    <ClInclude Include="src\engine\collision\QuadTree.hpp">
      <Filter>engine\collision2d</Filter>
    </ClInclude>
    <ClInclude Include="src\engine\physics\CollisionConstraintSet.hpp">
      <Filter>engine\physics2d</Filter>
    </ClInclude>
    <ClInclude Include="src\engine\physics\Physics.hpp">
      <Filter>engine\physics2d</Filter>
    </ClInclude>
    <ClInclude Include="src\engine\physics\PhysicsSystem.hpp">
      <Filter>engine\physics2d</Filter>
    </ClInclude>
    <ClInclude Include="src\engine\physics\PhysicsSystem2.hpp">
      <Filter>engine\physics2d</Filter>
    </ClInclude>
    <ClInclude Include="src\engine\physics\PhysicsTypes.hpp">
      <Filter>engine\physics2d</Filter>
    </ClInclude>
    <ClInclude Include="src\engine\physics\PushoutCalcJob.hpp">
      <Filter>engine\physics2d</Filter>
    </ClInclude>
    <ClInclude Include="src\Ants\PheroGrid.hpp">
      <Filter>Ants</Filter>
    </ClInclude>
    <ClInclude Include="src\engine\rendering\DefaultPipes\SpritePipe.hpp">
      <Filter>engine\rendering\DefaultPipes</Filter>
    </ClInclude>
    <ClInclude Include="src\engine\rendering\OpenGLAbstraction\Blending.hpp">
      <Filter>engine\rendering\OpenGLAbstraction</Filter>
    </ClInclude>
    <ClInclude Include="src\engine\rendering\OpenGLAbstraction\DepthTest.hpp">
      <Filter>engine\rendering\OpenGLAbstraction</Filter>
    </ClInclude>
    <ClInclude Include="src\engine\EventSystem.hpp">
      <Filter>engine</Filter>
    </ClInclude>
    <ClInclude Include="src\engine\entity\EntityDispatch.hpp">
      <Filter>engine\entity</Filter>
    </ClInclude>
  </ItemGroup>
  <ItemGroup>
    <ClCompile Include="..\Libraries\stb_image\stb_image.cpp">
      <Filter>_stbi</Filter>
    </ClCompile>
    <ClCompile Include="src\game\Game.cpp">
      <Filter>game</Filter>
    </ClCompile>
    <ClCompile Include="src\game\HealthScript.cpp">
      <Filter>game</Filter>
    </ClCompile>
    <ClCompile Include="src\game\LoadBallTestMap.cpp">
      <Filter>game</Filter>
    </ClCompile>
    <ClCompile Include="src\game\ParticleScript.cpp">
      <Filter>game</Filter>
    </ClCompile>
    <ClCompile Include="src\game\PlayerScript.cpp">
      <Filter>game</Filter>
    </ClCompile>
    <ClCompile Include="src\game\SuckerScript.cpp">
      <Filter>game</Filter>
    </ClCompile>
    <ClCompile Include="src\main.cpp">
      <Filter>main</Filter>
    </ClCompile>
    <ClCompile Include="src\game\TesterScript.cpp">
      <Filter>game\hpp</Filter>
    </ClCompile>
    <ClCompile Include="src\game\serialization\YAMLECM.cpp">
      <Filter>game\serialization</Filter>
    </ClCompile>
    <ClCompile Include="src\game\serialization\YAMLSerialize.cpp">
      <Filter>game\serialization</Filter>
    </ClCompile>
    <ClCompile Include="src\game\serialization\YAMLSerializeCoreComponents.cpp">
      <Filter>game\serialization</Filter>
    </ClCompile>
    <ClCompile Include="src\game\serialization\YAMLSerializeGameComponents.cpp">
      <Filter>game\serialization</Filter>
    </ClCompile>
    <ClCompile Include="src\game\serialization\YAMLSerializer.cpp">
      <Filter>game\serialization</Filter>
    </ClCompile>
    <ClCompile Include="src\engine\EngineCore.cpp">
      <Filter>engine</Filter>
    </ClCompile>
    <ClCompile Include="src\game\movementScript.cpp">
      <Filter>game</Filter>
    </ClCompile>
    <ClCompile Include="src\game\World.cpp">
      <Filter>game</Filter>
    </ClCompile>
    <ClCompile Include="src\engine\rendering\Window.cpp">
      <Filter>engine\rendering</Filter>
    </ClCompile>
    <ClCompile Include="src\engine\math\Mat3.cpp">
      <Filter>engine\math</Filter>
    </ClCompile>
    <ClCompile Include="src\engine\math\Mat4.cpp">
      <Filter>engine\math</Filter>
    </ClCompile>
    <ClCompile Include="src\engine\types\UUID.cpp">
      <Filter>engine\types</Filter>
    </ClCompile>
    <ClCompile Include="src\engine\entity\EntityManager.cpp">
      <Filter>engine\entity</Filter>
    </ClCompile>
    <ClCompile Include="src\engine\JobSystem.cpp">
      <Filter>engine</Filter>
    </ClCompile>
    <ClCompile Include="src\game\LoadRenderTestMap.cpp">
      <Filter>game</Filter>
    </ClCompile>
    <ClCompile Include="src\engine\gui\GUIManager.cpp">
      <Filter>engine\gui</Filter>
    </ClCompile>
    <ClCompile Include="src\game\Scripts.cpp">
      <Filter>game</Filter>
    </ClCompile>
    <ClCompile Include="src\engine\gui\base\GUIDrawContext.cpp">
      <Filter>engine\gui\base</Filter>
    </ClCompile>
    <ClCompile Include="src\engine\io\Input.cpp">
      <Filter>engine\io</Filter>
    </ClCompile>
    <ClCompile Include="src\engine\rendering\OpenGLAbstraction\OpenGLPassShader.cpp">
      <Filter>engine\rendering\OpenGLAbstraction</Filter>
    </ClCompile>
    <ClCompile Include="src\engine\rendering\OpenGLAbstraction\OpenGLShader.cpp">
      <Filter>engine\rendering\OpenGLAbstraction</Filter>
    </ClCompile>
    <ClCompile Include="src\engine\rendering\OpenGLAbstraction\OpenGLShaderUtil.cpp">
      <Filter>engine\rendering\OpenGLAbstraction</Filter>
    </ClCompile>
    <ClCompile Include="src\engine\rendering\OpenGLAbstraction\OpenGLFramebuffer.cpp">
      <Filter>engine\rendering\OpenGLAbstraction</Filter>
    </ClCompile>
    <ClCompile Include="src\engine\rendering\TextureSamplerManager.cpp">
      <Filter>engine\rendering</Filter>
    </ClCompile>
    <ClCompile Include="src\engine\rendering\OpenGLAbstraction\OpenGLTexture.cpp">
      <Filter>engine\rendering\OpenGLAbstraction</Filter>
    </ClCompile>
    <ClCompile Include="src\engine\rendering\pipeline\RenderPipeline.cpp">
      <Filter>engine\rendering\pipeline</Filter>
    </ClCompile>
    <ClCompile Include="src\engine\rendering\pipeline\RenderPipelineThread.cpp">
      <Filter>engine\rendering\pipeline</Filter>
    </ClCompile>
    <ClCompile Include="src\engine\rendering\RenderCoordinateSystem.cpp">
      <Filter>engine\rendering</Filter>
    </ClCompile>
    <ClCompile Include="src\engine\rendering\Font.cpp">
      <Filter>engine\rendering</Filter>
    </ClCompile>
    <ClCompile Include="src\engine\rendering\Glyph.cpp">
      <Filter>engine\rendering</Filter>
    </ClCompile>
    <ClCompile Include="src\engine\collision\collision_detection.cpp">
      <Filter>engine\collision2d</Filter>
    </ClCompile>
    <ClCompile Include="src\engine\collision\CollisionSystem.cpp">
      <Filter>engine\collision2d</Filter>
    </ClCompile>
    <ClCompile Include="src\engine\collision\QuadTree.cpp">
      <Filter>engine\collision2d</Filter>
    </ClCompile>
    <ClCompile Include="src\engine\physics\CollisionConstraintSet.cpp">
      <Filter>engine\physics2d</Filter>
    </ClCompile>
    <ClCompile Include="src\engine\physics\Physics.cpp">
      <Filter>engine\physics2d</Filter>
    </ClCompile>
    <ClCompile Include="src\engine\physics\PhysicsSystem.cpp">
      <Filter>engine\physics2d</Filter>
    </ClCompile>
    <ClCompile Include="src\engine\physics\PhysicsSystem2.cpp">
      <Filter>engine\physics2d</Filter>
    </ClCompile>
    <ClCompile Include="src\engine\rendering\DefaultRenderer.cpp">
      <Filter>engine\rendering</Filter>
    </ClCompile>
    <ClCompile Include="src\engine\rendering\DefaultPipes\SpritePipe.cpp">
      <Filter>engine\rendering\DefaultPipes</Filter>
    </ClCompile>
    <ClCompile Include="src\engine\rendering\OpenGLAbstraction\OpenGLAbstractionTranslationUnit.cpp">
      <Filter>engine\rendering\OpenGLAbstraction</Filter>
    </ClCompile>
  </ItemGroup>
  <ItemGroup>
    <None Include="shader\BloomFinderShader.frag">
      <Filter>engine\rendering\shader</Filter>
    </None>
    <None Include="shader\BloomShader.frag">
      <Filter>engine\rendering\shader</Filter>
    </None>
    <None Include="shader\FilterPassShader.frag">
      <Filter>engine\rendering\shader</Filter>
    </None>
    <None Include="shader\Mandel.frag">
      <Filter>engine\rendering\shader</Filter>
    </None>
    <None Include="shader\PassShader.frag">
      <Filter>engine\rendering\shader</Filter>
    </None>
    <None Include="shader\PassShader.vert">
      <Filter>engine\rendering\shader</Filter>
    </None>
    <None Include="shader\TrailShader.frag">
      <Filter>engine\rendering\shader</Filter>
    </None>
    <None Include="shader\Sprite.frag">
      <Filter>engine\rendering\shader</Filter>
    </None>
    <None Include="shader\Sprite.vert">
      <Filter>engine\rendering\shader</Filter>
    </None>
    <None Include="shader\BlurShader.frag">
      <Filter>engine\rendering\shader</Filter>
    </None>
  </ItemGroup>
</Project>